// !$*UTF8*$!
{
	archiveVersion = 1;
	classes = {
	};
	objectVersion = 56;
	objects = {

/* Begin PBXBuildFile section */
		21192B872A00469B00537E5D /* main.swift in Sources */ = {isa = PBXBuildFile; fileRef = 21192B862A00469B00537E5D /* main.swift */; };
		21192B902A00472200537E5D /* Container.swift in Sources */ = {isa = PBXBuildFile; fileRef = 21192B8F2A00472200537E5D /* Container.swift */; };
		21192B922A00476200537E5D /* TreeNode.swift in Sources */ = {isa = PBXBuildFile; fileRef = 21192B912A00476200537E5D /* TreeNode.swift */; };
		21192B942A00476B00537E5D /* Window.swift in Sources */ = {isa = PBXBuildFile; fileRef = 21192B932A00476B00537E5D /* Window.swift */; };
		218FCD332A19304900B3D559 /* HotKey in Frameworks */ = {isa = PBXBuildFile; productRef = 218FCD322A19304900B3D559 /* HotKey */; };
		598F10B6226925CD6C36BC36 /* utils.swift in Sources */ = {isa = PBXBuildFile; fileRef = 598F1E5DE6B847F675940A7E /* utils.swift */; };
		598F1A2FD7A2E1A0C90E5497 /* Workspace.swift in Sources */ = {isa = PBXBuildFile; fileRef = 598F1942A41A3D7EF7A4EFD3 /* Workspace.swift */; };
		598F1AF9BCEC51915858DA26 /* resize.swift in Sources */ = {isa = PBXBuildFile; fileRef = 598F10EFC3F374A36040A90F /* resize.swift */; };
/* End PBXBuildFile section */

/* Begin PBXCopyFilesBuildPhase section */
		21192B812A00469B00537E5D /* CopyFiles */ = {
			isa = PBXCopyFilesBuildPhase;
			buildActionMask = 2147483647;
			dstPath = /usr/share/man/man1/;
			dstSubfolderSpec = 0;
			files = (
			);
			runOnlyForDeploymentPostprocessing = 1;
		};
/* End PBXCopyFilesBuildPhase section */

/* Begin PBXFileReference section */
		21192B832A00469B00537E5D /* macos-window-manager-swift */ = {isa = PBXFileReference; explicitFileType = "compiled.mach-o.executable"; includeInIndex = 0; path = "macos-window-manager-swift"; sourceTree = BUILT_PRODUCTS_DIR; };
		21192B862A00469B00537E5D /* main.swift */ = {isa = PBXFileReference; lastKnownFileType = sourcecode.swift; path = main.swift; sourceTree = "<group>"; };
		21192B8F2A00472200537E5D /* Container.swift */ = {isa = PBXFileReference; lastKnownFileType = sourcecode.swift; path = Container.swift; sourceTree = "<group>"; };
		21192B912A00476200537E5D /* TreeNode.swift */ = {isa = PBXFileReference; lastKnownFileType = sourcecode.swift; path = TreeNode.swift; sourceTree = "<group>"; };
		21192B932A00476B00537E5D /* Window.swift */ = {isa = PBXFileReference; lastKnownFileType = sourcecode.swift; path = Window.swift; sourceTree = "<group>"; };
		598F10EFC3F374A36040A90F /* resize.swift */ = {isa = PBXFileReference; fileEncoding = 4; lastKnownFileType = sourcecode.swift; path = resize.swift; sourceTree = "<group>"; };
		598F1942A41A3D7EF7A4EFD3 /* Workspace.swift */ = {isa = PBXFileReference; fileEncoding = 4; lastKnownFileType = sourcecode.swift; path = Workspace.swift; sourceTree = "<group>"; };
		598F1E5DE6B847F675940A7E /* utils.swift */ = {isa = PBXFileReference; fileEncoding = 4; lastKnownFileType = sourcecode.swift; path = utils.swift; sourceTree = "<group>"; };
/* End PBXFileReference section */

/* Begin PBXFrameworksBuildPhase section */
		21192B802A00469B00537E5D /* Frameworks */ = {
			isa = PBXFrameworksBuildPhase;
			buildActionMask = 2147483647;
			files = (
				218FCD332A19304900B3D559 /* HotKey in Frameworks */,
			);
			runOnlyForDeploymentPostprocessing = 0;
		};
/* End PBXFrameworksBuildPhase section */

/* Begin PBXGroup section */
		21192B7A2A00469B00537E5D = {
			isa = PBXGroup;
			children = (
				21192B852A00469B00537E5D /* macos-window-manager-swift */,
				21192B842A00469B00537E5D /* Products */,
			);
			sourceTree = "<group>";
		};
		21192B842A00469B00537E5D /* Products */ = {
			isa = PBXGroup;
			children = (
				21192B832A00469B00537E5D /* macos-window-manager-swift */,
			);
			name = Products;
			sourceTree = "<group>";
		};
		21192B852A00469B00537E5D /* macos-window-manager-swift */ = {
			isa = PBXGroup;
			children = (
				21192B862A00469B00537E5D /* main.swift */,
				21192B8F2A00472200537E5D /* Container.swift */,
				21192B912A00476200537E5D /* TreeNode.swift */,
				21192B932A00476B00537E5D /* Window.swift */,
				598F1942A41A3D7EF7A4EFD3 /* Workspace.swift */,
				598F10EFC3F374A36040A90F /* resize.swift */,
				598F1E5DE6B847F675940A7E /* utils.swift */,
			);
			path = "macos-window-manager-swift";
			sourceTree = "<group>";
		};
/* End PBXGroup section */

/* Begin PBXNativeTarget section */
		21192B822A00469B00537E5D /* macos-window-manager-swift */ = {
			isa = PBXNativeTarget;
			buildConfigurationList = 21192B8A2A00469B00537E5D /* Build configuration list for PBXNativeTarget "macos-window-manager-swift" */;
			buildPhases = (
				21192B7F2A00469B00537E5D /* Sources */,
				21192B802A00469B00537E5D /* Frameworks */,
				21192B812A00469B00537E5D /* CopyFiles */,
			);
			buildRules = (
			);
			dependencies = (
			);
			name = "macos-window-manager-swift";
			packageProductDependencies = (
				218FCD322A19304900B3D559 /* HotKey */,
			);
			productName = "macos-window-manager-swift";
			productReference = 21192B832A00469B00537E5D /* macos-window-manager-swift */;
			productType = "com.apple.product-type.tool";
		};
/* End PBXNativeTarget section */

/* Begin PBXProject section */
		21192B7B2A00469B00537E5D /* Project object */ = {
			isa = PBXProject;
			attributes = {
				BuildIndependentTargetsInParallel = 1;
				LastSwiftUpdateCheck = 1420;
				LastUpgradeCheck = 1420;
				TargetAttributes = {
					21192B822A00469B00537E5D = {
						CreatedOnToolsVersion = 14.2;
					};
				};
			};
			buildConfigurationList = 21192B7E2A00469B00537E5D /* Build configuration list for PBXProject "macos-window-manager-swift" */;
			compatibilityVersion = "Xcode 14.0";
			developmentRegion = en;
			hasScannedForEncodings = 0;
			knownRegions = (
				en,
				Base,
			);
			mainGroup = 21192B7A2A00469B00537E5D;
			packageReferences = (
				218FCD312A19304900B3D559 /* XCRemoteSwiftPackageReference "HotKey" */,
			);
			productRefGroup = 21192B842A00469B00537E5D /* Products */;
			projectDirPath = "";
			projectRoot = "";
			targets = (
				21192B822A00469B00537E5D /* macos-window-manager-swift */,
			);
		};
/* End PBXProject section */

/* Begin PBXSourcesBuildPhase section */
		21192B7F2A00469B00537E5D /* Sources */ = {
			isa = PBXSourcesBuildPhase;
			buildActionMask = 2147483647;
			files = (
				21192B872A00469B00537E5D /* main.swift in Sources */,
				21192B902A00472200537E5D /* Container.swift in Sources */,
				21192B922A00476200537E5D /* TreeNode.swift in Sources */,
				21192B942A00476B00537E5D /* Window.swift in Sources */,
				598F1A2FD7A2E1A0C90E5497 /* Workspace.swift in Sources */,
				598F1AF9BCEC51915858DA26 /* resize.swift in Sources */,
				598F10B6226925CD6C36BC36 /* utils.swift in Sources */,
			);
			runOnlyForDeploymentPostprocessing = 0;
		};
/* End PBXSourcesBuildPhase section */

/* Begin XCBuildConfiguration section */
		21192B882A00469B00537E5D /* Debug */ = {
			isa = XCBuildConfiguration;
			buildSettings = {
				ALWAYS_SEARCH_USER_PATHS = NO;
				CLANG_ANALYZER_NONNULL = YES;
				CLANG_ANALYZER_NUMBER_OBJECT_CONVERSION = YES_AGGRESSIVE;
				CLANG_CXX_LANGUAGE_STANDARD = "gnu++20";
				CLANG_ENABLE_MODULES = YES;
				CLANG_ENABLE_OBJC_ARC = YES;
				CLANG_ENABLE_OBJC_WEAK = YES;
				CLANG_WARN_BLOCK_CAPTURE_AUTORELEASING = YES;
				CLANG_WARN_BOOL_CONVERSION = YES;
				CLANG_WARN_COMMA = YES;
				CLANG_WARN_CONSTANT_CONVERSION = YES;
				CLANG_WARN_DEPRECATED_OBJC_IMPLEMENTATIONS = YES;
				CLANG_WARN_DIRECT_OBJC_ISA_USAGE = YES_ERROR;
				CLANG_WARN_DOCUMENTATION_COMMENTS = YES;
				CLANG_WARN_EMPTY_BODY = YES;
				CLANG_WARN_ENUM_CONVERSION = YES;
				CLANG_WARN_INFINITE_RECURSION = YES;
				CLANG_WARN_INT_CONVERSION = YES;
				CLANG_WARN_NON_LITERAL_NULL_CONVERSION = YES;
				CLANG_WARN_OBJC_IMPLICIT_RETAIN_SELF = YES;
				CLANG_WARN_OBJC_LITERAL_CONVERSION = YES;
				CLANG_WARN_OBJC_ROOT_CLASS = YES_ERROR;
				CLANG_WARN_QUOTED_INCLUDE_IN_FRAMEWORK_HEADER = YES;
				CLANG_WARN_RANGE_LOOP_ANALYSIS = YES;
				CLANG_WARN_STRICT_PROTOTYPES = YES;
				CLANG_WARN_SUSPICIOUS_MOVE = YES;
				CLANG_WARN_UNGUARDED_AVAILABILITY = YES_AGGRESSIVE;
				CLANG_WARN_UNREACHABLE_CODE = YES;
				CLANG_WARN__DUPLICATE_METHOD_MATCH = YES;
				COPY_PHASE_STRIP = NO;
				DEBUG_INFORMATION_FORMAT = dwarf;
				ENABLE_STRICT_OBJC_MSGSEND = YES;
				ENABLE_TESTABILITY = YES;
				GCC_C_LANGUAGE_STANDARD = gnu11;
				GCC_DYNAMIC_NO_PIC = NO;
				GCC_NO_COMMON_BLOCKS = YES;
				GCC_OPTIMIZATION_LEVEL = 0;
				GCC_PREPROCESSOR_DEFINITIONS = (
					"DEBUG=1",
					"$(inherited)",
				);
				GCC_WARN_64_TO_32_BIT_CONVERSION = YES;
				GCC_WARN_ABOUT_RETURN_TYPE = YES_ERROR;
				GCC_WARN_UNDECLARED_SELECTOR = YES;
				GCC_WARN_UNINITIALIZED_AUTOS = YES_AGGRESSIVE;
				GCC_WARN_UNUSED_FUNCTION = YES;
				GCC_WARN_UNUSED_VARIABLE = YES;
				MACOSX_DEPLOYMENT_TARGET = 13.1;
				MTL_ENABLE_DEBUG_INFO = INCLUDE_SOURCE;
				MTL_FAST_MATH = YES;
				ONLY_ACTIVE_ARCH = YES;
				SDKROOT = macosx;
				SWIFT_ACTIVE_COMPILATION_CONDITIONS = DEBUG;
				SWIFT_OPTIMIZATION_LEVEL = "-Onone";
			};
			name = Debug;
		};
		21192B892A00469B00537E5D /* Release */ = {
			isa = XCBuildConfiguration;
			buildSettings = {
				ALWAYS_SEARCH_USER_PATHS = NO;
				CLANG_ANALYZER_NONNULL = YES;
				CLANG_ANALYZER_NUMBER_OBJECT_CONVERSION = YES_AGGRESSIVE;
				CLANG_CXX_LANGUAGE_STANDARD = "gnu++20";
				CLANG_ENABLE_MODULES = YES;
				CLANG_ENABLE_OBJC_ARC = YES;
				CLANG_ENABLE_OBJC_WEAK = YES;
				CLANG_WARN_BLOCK_CAPTURE_AUTORELEASING = YES;
				CLANG_WARN_BOOL_CONVERSION = YES;
				CLANG_WARN_COMMA = YES;
				CLANG_WARN_CONSTANT_CONVERSION = YES;
				CLANG_WARN_DEPRECATED_OBJC_IMPLEMENTATIONS = YES;
				CLANG_WARN_DIRECT_OBJC_ISA_USAGE = YES_ERROR;
				CLANG_WARN_DOCUMENTATION_COMMENTS = YES;
				CLANG_WARN_EMPTY_BODY = YES;
				CLANG_WARN_ENUM_CONVERSION = YES;
				CLANG_WARN_INFINITE_RECURSION = YES;
				CLANG_WARN_INT_CONVERSION = YES;
				CLANG_WARN_NON_LITERAL_NULL_CONVERSION = YES;
				CLANG_WARN_OBJC_IMPLICIT_RETAIN_SELF = YES;
				CLANG_WARN_OBJC_LITERAL_CONVERSION = YES;
				CLANG_WARN_OBJC_ROOT_CLASS = YES_ERROR;
				CLANG_WARN_QUOTED_INCLUDE_IN_FRAMEWORK_HEADER = YES;
				CLANG_WARN_RANGE_LOOP_ANALYSIS = YES;
				CLANG_WARN_STRICT_PROTOTYPES = YES;
				CLANG_WARN_SUSPICIOUS_MOVE = YES;
				CLANG_WARN_UNGUARDED_AVAILABILITY = YES_AGGRESSIVE;
				CLANG_WARN_UNREACHABLE_CODE = YES;
				CLANG_WARN__DUPLICATE_METHOD_MATCH = YES;
				COPY_PHASE_STRIP = NO;
				DEBUG_INFORMATION_FORMAT = "dwarf-with-dsym";
				ENABLE_NS_ASSERTIONS = NO;
				ENABLE_STRICT_OBJC_MSGSEND = YES;
				GCC_C_LANGUAGE_STANDARD = gnu11;
				GCC_NO_COMMON_BLOCKS = YES;
				GCC_WARN_64_TO_32_BIT_CONVERSION = YES;
				GCC_WARN_ABOUT_RETURN_TYPE = YES_ERROR;
				GCC_WARN_UNDECLARED_SELECTOR = YES;
				GCC_WARN_UNINITIALIZED_AUTOS = YES_AGGRESSIVE;
				GCC_WARN_UNUSED_FUNCTION = YES;
				GCC_WARN_UNUSED_VARIABLE = YES;
				MACOSX_DEPLOYMENT_TARGET = 13.1;
				MTL_ENABLE_DEBUG_INFO = NO;
				MTL_FAST_MATH = YES;
				SDKROOT = macosx;
				SWIFT_COMPILATION_MODE = wholemodule;
				SWIFT_OPTIMIZATION_LEVEL = "-O";
			};
			name = Release;
		};
		21192B8B2A00469B00537E5D /* Debug */ = {
			isa = XCBuildConfiguration;
			buildSettings = {
				CODE_SIGN_STYLE = Automatic;
				PRODUCT_NAME = "$(TARGET_NAME)";
				SWIFT_VERSION = 5.0;
			};
			name = Debug;
		};
		21192B8C2A00469B00537E5D /* Release */ = {
			isa = XCBuildConfiguration;
			buildSettings = {
				CODE_SIGN_STYLE = Automatic;
				PRODUCT_NAME = "$(TARGET_NAME)";
				SWIFT_VERSION = 5.0;
			};
			name = Release;
		};
/* End XCBuildConfiguration section */

/* Begin XCConfigurationList section */
		21192B7E2A00469B00537E5D /* Build configuration list for PBXProject "macos-window-manager-swift" */ = {
			isa = XCConfigurationList;
			buildConfigurations = (
				21192B882A00469B00537E5D /* Debug */,
				21192B892A00469B00537E5D /* Release */,
			);
			defaultConfigurationIsVisible = 0;
			defaultConfigurationName = Release;
		};
		21192B8A2A00469B00537E5D /* Build configuration list for PBXNativeTarget "macos-window-manager-swift" */ = {
			isa = XCConfigurationList;
			buildConfigurations = (
				21192B8B2A00469B00537E5D /* Debug */,
				21192B8C2A00469B00537E5D /* Release */,
			);
			defaultConfigurationIsVisible = 0;
			defaultConfigurationName = Release;
		};
/* End XCConfigurationList section */

/* Begin XCRemoteSwiftPackageReference section */
		218FCD312A19304900B3D559 /* XCRemoteSwiftPackageReference "HotKey" */ = {
			isa = XCRemoteSwiftPackageReference;
			repositoryURL = "https://github.com/soffes/HotKey";
			requirement = {
				kind = exactVersion;
				version = 0.1.3;
			};
		};
/* End XCRemoteSwiftPackageReference section */

/* Begin XCSwiftPackageProductDependency section */
		218FCD322A19304900B3D559 /* HotKey */ = {
			isa = XCSwiftPackageProductDependency;
			package = 218FCD312A19304900B3D559 /* XCRemoteSwiftPackageReference "HotKey" */;
			productName = HotKey;
		};
/* End XCSwiftPackageProductDependency section */
	};
	rootObject = 21192B7B2A00469B00537E5D /* Project object */;
}
