{
  "pins" : [
    {
      "identity" : "aexml",
      "kind" : "remoteSourceControl",
      "location" : "https://github.com/tadija/AEXML.git",
      "state" : {
        "revision" : "38f7d00b23ecd891e1ee656fa6aeebd6ba04ecc3",
        "version" : "4.6.1"
      }
    },
    {
      "identity" : "antlr4",
      "kind" : "remoteSourceControl",
      "location" : "https://github.com/antlr/antlr4",
      "state" : {
        "revision" : "7ed420ff2c78d62883875c442d75f32e73bc86c8",
        "version" : "4.13.1"
      }
    },
    {
      "identity" : "bluesocket",
      "kind" : "remoteSourceControl",
      "location" : "https://github.com/Kitura/BlueSocket.git",
      "state" : {
        "revision" : "7b23a867008e0027bfd6f4d398d44720707bc8ca",
        "version" : "2.0.4"
      }
    },
    {
      "identity" : "collectionconcurrencykit",
      "kind" : "remoteSourceControl",
      "location" : "https://github.com/JohnSundell/CollectionConcurrencyKit.git",
      "state" : {
        "revision" : "b4f23e24b5a1bff301efc5e70871083ca029ff95",
        "version" : "0.2.0"
      }
    },
    {
      "identity" : "cryptoswift",
      "kind" : "remoteSourceControl",
      "location" : "https://github.com/krzyzanowskim/CryptoSwift.git",
      "state" : {
        "revision" : "c9c3df6ab812de32bae61fc0cd1bf6d45170ebf0",
        "version" : "1.8.2"
      }
    },
    {
      "identity" : "hotkey",
      "kind" : "remoteSourceControl",
      "location" : "https://github.com/soffes/HotKey",
      "state" : {
        "revision" : "c13662730cb5bc28de4a799854bbb018a90649bf",
        "version" : "0.1.3"
      }
    },
    {
      "identity" : "jsonutilities",
      "kind" : "remoteSourceControl",
      "location" : "https://github.com/yonaskolb/JSONUtilities.git",
      "state" : {
        "revision" : "128d2ffc22467f69569ef8ff971683e2393191a0",
        "version" : "4.2.0"
      }
    },
    {
      "identity" : "pathkit",
      "kind" : "remoteSourceControl",
      "location" : "https://github.com/kylef/PathKit.git",
      "state" : {
        "revision" : "3bfd2737b700b9a36565a8c94f4ad2b050a5e574",
        "version" : "1.0.1"
      }
    },
    {
      "identity" : "rainbow",
      "kind" : "remoteSourceControl",
      "location" : "https://github.com/onevcat/Rainbow.git",
      "state" : {
        "revision" : "e0dada9cd44e3fa7ec3b867e49a8ddbf543e3df3",
        "version" : "4.0.1"
      }
    },
    {
      "identity" : "sourcekitten",
      "kind" : "remoteSourceControl",
      "location" : "https://github.com/jpsim/SourceKitten.git",
      "state" : {
        "revision" : "fd4df99170f5e9d7cf9aa8312aa8506e0e7a44e7",
        "version" : "0.35.0"
      }
    },
    {
      "identity" : "spectre",
      "kind" : "remoteSourceControl",
      "location" : "https://github.com/kylef/Spectre.git",
      "state" : {
        "revision" : "26cc5e9ae0947092c7139ef7ba612e34646086c7",
        "version" : "0.10.1"
      }
    },
    {
      "identity" : "swift-argument-parser",
      "kind" : "remoteSourceControl",
      "location" : "https://github.com/apple/swift-argument-parser.git",
      "state" : {
        "revision" : "0fbc8848e389af3bb55c182bc19ca9d5dc2f255b",
        "version" : "1.4.0"
      }
    },
    {
      "identity" : "swift-collections",
      "kind" : "remoteSourceControl",
      "location" : "https://github.com/apple/swift-collections",
      "state" : {
        "revision" : "94cf62b3ba8d4bed62680a282d4c25f9c63c2efb",
        "version" : "1.1.0"
      }
    },
    {
      "identity" : "swift-syntax",
      "kind" : "remoteSourceControl",
      "location" : "https://github.com/apple/swift-syntax.git",
      "state" : {
        "revision" : "303e5c5c36d6a558407d364878df131c3546fad8",
        "version" : "510.0.2"
      }
    },
    {
      "identity" : "swiftcli",
      "kind" : "remoteSourceControl",
      "location" : "https://github.com/jakeheis/SwiftCLI.git",
      "state" : {
        "revision" : "2e949055d9797c1a6bddcda0e58dada16cc8e970",
        "version" : "6.0.3"
      }
    },
    {
      "identity" : "swiftlint",
      "kind" : "remoteSourceControl",
      "location" : "https://github.com/realm/SwiftLint",
      "state" : {
        "revision" : "b515723b16eba33f15c4677ee65f3fef2ce8c255",
        "version" : "0.55.1"
      }
    },
    {
      "identity" : "swiftytexttable",
      "kind" : "remoteSourceControl",
      "location" : "https://github.com/scottrhoyt/SwiftyTextTable.git",
      "state" : {
        "revision" : "c6df6cf533d120716bff38f8ff9885e1ce2a4ac3",
        "version" : "0.9.0"
      }
    },
    {
      "identity" : "swxmlhash",
      "kind" : "remoteSourceControl",
      "location" : "https://github.com/drmohundro/SWXMLHash.git",
      "state" : {
        "revision" : "a853604c9e9a83ad9954c7e3d2a565273982471f",
        "version" : "7.0.2"
      }
    },
    {
      "identity" : "tomlkit",
      "kind" : "remoteSourceControl",
      "location" : "https://github.com/LebJe/TOMLKit",
      "state" : {
        "revision" : "404c4dd011743461bff12d00a5118d0ed59d630c",
        "version" : "0.5.5"
      }
    },
    {
      "identity" : "version",
      "kind" : "remoteSourceControl",
      "location" : "https://github.com/mxcl/Version",
      "state" : {
        "revision" : "1fe824b80d89201652e7eca7c9252269a1d85e25",
        "version" : "2.0.1"
      }
    },
    {
      "identity" : "xcodegen",
      "kind" : "remoteSourceControl",
      "location" : "https://github.com/yonaskolb/XcodeGen.git",
      "state" : {
        "revision" : "82c6ab9bbd5b6075fc0887d897733fc0c4ffc9ab",
        "version" : "2.42.0"
      }
    },
    {
      "identity" : "xcodeproj",
      "kind" : "remoteSourceControl",
      "location" : "https://github.com/tuist/XcodeProj.git",
      "state" : {
        "revision" : "447c159b0c5fb047a024fd8d942d4a76cf47dde0",
        "version" : "8.16.0"
      }
    },
    {
      "identity" : "yams",
      "kind" : "remoteSourceControl",
      "location" : "https://github.com/jpsim/Yams.git",
      "state" : {
        "revision" : "3036ba9d69cf1fd04d433527bc339dc0dc75433d",
        "version" : "5.1.3"
      }
    }
  ],
  "version" : 2
}
