{
  "originHash" : "11117eb69fbfb577e73c8b04d7effa148519c3cce2deb17e8a784e1319359327",
  "pins" : [
    {
      "identity" : "antlr4",
      "kind" : "remoteSourceControl",
      "location" : "https://github.com/antlr/antlr4",
      "state" : {
        "revision" : "7ed420ff2c78d62883875c442d75f32e73bc86c8",
        "version" : "4.13.1"
      }
    },
    {
      "identity" : "issoundadditions",
      "kind" : "remoteSourceControl",
      "location" : "https://github.com/InerziaSoft/ISSoundAdditions",
      "state" : {
        "revision" : "4b555f0354e6c280917bae8a598a258efe87ab98",
        "version" : "2.0.1"
      }
    },
    {
      "identity" : "swift-collections",
      "kind" : "remoteSourceControl",
      "location" : "https://github.com/apple/swift-collections",
      "state" : {
        "revision" : "7b847a3b7008b2dc2f47ca3110d8c782fb2e5c7e",
        "version" : "1.3.0"
      }
    },
    {
      "identity" : "tomlkit",
      "kind" : "remoteSourceControl",
      "location" : "https://github.com/LebJe/TOMLKit",
      "state" : {
        "revision" : "404c4dd011743461bff12d00a5118d0ed59d630c",
        "version" : "0.5.5"
      }
    }
  ],
  "version" : 3
}
