// !$*UTF8*$!
{
	archiveVersion = 1;
	classes = {
	};
	objectVersion = 54;
	objects = {

/* Begin PBXBuildFile section */
		238EF26CAAADD1FE11312D7C /* default-config.toml in Resources */ = {isa = PBXBuildFile; fileRef = 8FE45A887100EB70912B07F0 /* default-config.toml */; };
		852F88894A3B9FC385563665 /* AppBundle in Frameworks */ = {isa = PBXBuildFile; productRef = 018E55979F61DA6DA6DCB442 /* AppBundle */; };
		883A44C8295FECF49F94269D /* Assets.xcassets in Resources */ = {isa = PBXBuildFile; fileRef = 84C35D8E25B61D4D1ADB1851 /* Assets.xcassets */; };
		C40E0D9C06086C58955237D9 /* AeroSpaceApp.swift in Sources */ = {isa = PBXBuildFile; fileRef = 18C104E927E079E60C91AE3E /* AeroSpaceApp.swift */; };
/* End PBXBuildFile section */

/* Begin PBXFileReference section */
		09685297933511208058F7CF /* AeroSpace.app */ = {isa = PBXFileReference; explicitFileType = wrapper.application; includeInIndex = 0; path = AeroSpace.app; sourceTree = BUILT_PRODUCTS_DIR; };
		18C104E927E079E60C91AE3E /* AeroSpaceApp.swift */ = {isa = PBXFileReference; lastKnownFileType = sourcecode.swift; path = AeroSpaceApp.swift; sourceTree = "<group>"; };
		6606D24B4B23E9582CFA3B86 /* AeroSpace */ = {isa = PBXFileReference; lastKnownFileType = folder; name = AeroSpace; path = .; sourceTree = SOURCE_ROOT; };
		84C35D8E25B61D4D1ADB1851 /* Assets.xcassets */ = {isa = PBXFileReference; lastKnownFileType = folder.assetcatalog; path = Assets.xcassets; sourceTree = "<group>"; };
		8FE45A887100EB70912B07F0 /* default-config.toml */ = {isa = PBXFileReference; path = "default-config.toml"; sourceTree = "<group>"; };
		CF85755BFF66B59A84F98262 /* AeroSpace.entitlements */ = {isa = PBXFileReference; lastKnownFileType = text.plist.entitlements; path = AeroSpace.entitlements; sourceTree = "<group>"; };
/* End PBXFileReference section */

/* Begin PBXFrameworksBuildPhase section */
		2AFAB0BC1A2742132D7CB950 /* Frameworks */ = {
			isa = PBXFrameworksBuildPhase;
			buildActionMask = 2147483647;
			files = (
				852F88894A3B9FC385563665 /* AppBundle in Frameworks */,
			);
			runOnlyForDeploymentPostprocessing = 0;
		};
/* End PBXFrameworksBuildPhase section */

/* Begin PBXGroup section */
		0E0109AE5F7881520B0D2384 /* config-examples */ = {
			isa = PBXGroup;
			children = (
				8FE45A887100EB70912B07F0 /* default-config.toml */,
			);
			name = "config-examples";
			path = "docs/config-examples";
			sourceTree = "<group>";
		};
		21E15F84087042E63C0150AB /* resources */ = {
			isa = PBXGroup;
			children = (
				CF85755BFF66B59A84F98262 /* AeroSpace.entitlements */,
				84C35D8E25B61D4D1ADB1851 /* Assets.xcassets */,
			);
			path = resources;
			sourceTree = "<group>";
		};
		393942C56466FDBBE35F9EC0 = {
			isa = PBXGroup;
			children = (
				6F6BCFA26BF3E35072EF2C77 /* AeroSpaceApp */,
				0E0109AE5F7881520B0D2384 /* config-examples */,
				3A1FF786C84025133F96138D /* Packages */,
				21E15F84087042E63C0150AB /* resources */,
				62BEA6F49E6648E2EE3C208F /* Products */,
			);
			sourceTree = "<group>";
		};
		3A1FF786C84025133F96138D /* Packages */ = {
			isa = PBXGroup;
			children = (
				6606D24B4B23E9582CFA3B86 /* AeroSpace */,
			);
			name = Packages;
			sourceTree = "<group>";
		};
		62BEA6F49E6648E2EE3C208F /* Products */ = {
			isa = PBXGroup;
			children = (
				09685297933511208058F7CF /* AeroSpace.app */,
			);
			name = Products;
			sourceTree = "<group>";
		};
		6F6BCFA26BF3E35072EF2C77 /* AeroSpaceApp */ = {
			isa = PBXGroup;
			children = (
				18C104E927E079E60C91AE3E /* AeroSpaceApp.swift */,
			);
			name = AeroSpaceApp;
			path = Sources/AeroSpaceApp;
			sourceTree = "<group>";
		};
/* End PBXGroup section */

/* Begin PBXNativeTarget section */
		B00BE37A79171B0EE995EB83 /* AeroSpace */ = {
			isa = PBXNativeTarget;
			buildConfigurationList = 1C34EA41A1F045E016D1944D /* Build configuration list for PBXNativeTarget "AeroSpace" */;
			buildPhases = (
				D7A18303C03F2CB26F7BB54B /* Sources */,
				BA5F2F9022B8385637D263E4 /* Resources */,
				2AFAB0BC1A2742132D7CB950 /* Frameworks */,
			);
			buildRules = (
			);
			dependencies = (
			);
			name = AeroSpace;
			packageProductDependencies = (
				018E55979F61DA6DA6DCB442 /* AppBundle */,
			);
			productName = AeroSpace;
			productReference = 09685297933511208058F7CF /* AeroSpace.app */;
			productType = "com.apple.product-type.application";
		};
/* End PBXNativeTarget section */

/* Begin PBXProject section */
		0B585B3093DA0FC12E7983E2 /* Project object */ = {
			isa = PBXProject;
			attributes = {
				BuildIndependentTargetsInParallel = YES;
				LastUpgradeCheck = 1430;
				TargetAttributes = {
				};
			};
			buildConfigurationList = D6982B0C3E92C5AF28BCD315 /* Build configuration list for PBXProject "AeroSpace" */;
			compatibilityVersion = "Xcode 14.0";
			developmentRegion = en;
			hasScannedForEncodings = 0;
			knownRegions = (
				Base,
				en,
			);
			mainGroup = 393942C56466FDBBE35F9EC0;
			packageReferences = (
				9A00429279948F2879C9FE30 /* XCLocalSwiftPackageReference "." */,
			);
			projectDirPath = "";
			projectRoot = "";
			targets = (
				B00BE37A79171B0EE995EB83 /* AeroSpace */,
			);
		};
/* End PBXProject section */

/* Begin PBXResourcesBuildPhase section */
		BA5F2F9022B8385637D263E4 /* Resources */ = {
			isa = PBXResourcesBuildPhase;
			buildActionMask = 2147483647;
			files = (
				883A44C8295FECF49F94269D /* Assets.xcassets in Resources */,
				238EF26CAAADD1FE11312D7C /* default-config.toml in Resources */,
			);
			runOnlyForDeploymentPostprocessing = 0;
		};
/* End PBXResourcesBuildPhase section */

/* Begin PBXSourcesBuildPhase section */
		D7A18303C03F2CB26F7BB54B /* Sources */ = {
			isa = PBXSourcesBuildPhase;
			buildActionMask = 2147483647;
			files = (
				C40E0D9C06086C58955237D9 /* AeroSpaceApp.swift in Sources */,
			);
			runOnlyForDeploymentPostprocessing = 0;
		};
/* End PBXSourcesBuildPhase section */

/* Begin XCBuildConfiguration section */
		175127AAF914899705FABF12 /* Debug */ = {
			isa = XCBuildConfiguration;
			buildSettings = {
				ALWAYS_SEARCH_USER_PATHS = NO;
				CLANG_ANALYZER_NONNULL = YES;
				CLANG_ANALYZER_NUMBER_OBJECT_CONVERSION = YES_AGGRESSIVE;
				CLANG_CXX_LANGUAGE_STANDARD = "gnu++14";
				CLANG_CXX_LIBRARY = "libc++";
				CLANG_ENABLE_MODULES = YES;
				CLANG_ENABLE_OBJC_ARC = YES;
				CLANG_ENABLE_OBJC_WEAK = YES;
				CLANG_WARN_BLOCK_CAPTURE_AUTORELEASING = YES;
				CLANG_WARN_BOOL_CONVERSION = YES;
				CLANG_WARN_COMMA = YES;
				CLANG_WARN_CONSTANT_CONVERSION = YES;
				CLANG_WARN_DEPRECATED_OBJC_IMPLEMENTATIONS = YES;
				CLANG_WARN_DIRECT_OBJC_ISA_USAGE = YES_ERROR;
				CLANG_WARN_DOCUMENTATION_COMMENTS = YES;
				CLANG_WARN_EMPTY_BODY = YES;
				CLANG_WARN_ENUM_CONVERSION = YES;
				CLANG_WARN_INFINITE_RECURSION = YES;
				CLANG_WARN_INT_CONVERSION = YES;
				CLANG_WARN_NON_LITERAL_NULL_CONVERSION = YES;
				CLANG_WARN_OBJC_IMPLICIT_RETAIN_SELF = YES;
				CLANG_WARN_OBJC_LITERAL_CONVERSION = YES;
				CLANG_WARN_OBJC_ROOT_CLASS = YES_ERROR;
				CLANG_WARN_QUOTED_INCLUDE_IN_FRAMEWORK_HEADER = YES;
				CLANG_WARN_RANGE_LOOP_ANALYSIS = YES;
				CLANG_WARN_STRICT_PROTOTYPES = YES;
				CLANG_WARN_SUSPICIOUS_MOVE = YES;
				CLANG_WARN_UNGUARDED_AVAILABILITY = YES_AGGRESSIVE;
				CLANG_WARN_UNREACHABLE_CODE = YES;
				CLANG_WARN__DUPLICATE_METHOD_MATCH = YES;
				COPY_PHASE_STRIP = NO;
				DEBUG_INFORMATION_FORMAT = dwarf;
				ENABLE_STRICT_OBJC_MSGSEND = YES;
				ENABLE_TESTABILITY = YES;
				GCC_C_LANGUAGE_STANDARD = gnu11;
				GCC_DYNAMIC_NO_PIC = NO;
				GCC_NO_COMMON_BLOCKS = YES;
				GCC_OPTIMIZATION_LEVEL = 0;
				GCC_PREPROCESSOR_DEFINITIONS = (
					"$(inherited)",
					"DEBUG=1",
				);
				GCC_WARN_64_TO_32_BIT_CONVERSION = YES;
				GCC_WARN_ABOUT_RETURN_TYPE = YES_ERROR;
				GCC_WARN_UNDECLARED_SELECTOR = YES;
				GCC_WARN_UNINITIALIZED_AUTOS = YES_AGGRESSIVE;
				GCC_WARN_UNUSED_FUNCTION = YES;
				GCC_WARN_UNUSED_VARIABLE = YES;
				MTL_ENABLE_DEBUG_INFO = INCLUDE_SOURCE;
				MTL_FAST_MATH = YES;
				ONLY_ACTIVE_ARCH = YES;
				PRODUCT_NAME = "$(TARGET_NAME)";
				SDKROOT = macosx;
				SWIFT_ACTIVE_COMPILATION_CONDITIONS = DEBUG;
				SWIFT_OPTIMIZATION_LEVEL = "-Onone";
				SWIFT_VERSION = 5.0;
			};
			name = Debug;
		};
		31B702864571F51814E4F12C /* Debug */ = {
			isa = XCBuildConfiguration;
			buildSettings = {
				ASSETCATALOG_COMPILER_APPICON_NAME = AppIcon;
				CODE_SIGN_ENTITLEMENTS = resources/AeroSpace.entitlements;
				CODE_SIGN_IDENTITY = "aerospace-codesign-certificate";
				COMBINE_HIDPI_IMAGES = YES;
				GENERATE_INFOPLIST_FILE = YES;
				INFOPLIST_KEY_LSUIElement = YES;
				LD_RUNPATH_SEARCH_PATHS = (
					"$(inherited)",
					"@executable_path/../Frameworks",
				);
				MACOSX_DEPLOYMENT_TARGET = 13.0;
				MARKETING_VERSION = "0.0.0-SNAPSHOT";
				PRODUCT_BUNDLE_IDENTIFIER = bobko.aerospace.debug;
				PRODUCT_NAME = "AeroSpace-Debug";
				SDKROOT = macosx;
				SWIFT_VERSION = 5.9;
			};
			name = Debug;
		};
		6BDAA670FB7E7B16FDEB09CB /* Dev */ = {
			isa = XCBuildConfiguration;
			buildSettings = {
				ALWAYS_SEARCH_USER_PATHS = NO;
				CLANG_ANALYZER_NONNULL = YES;
				CLANG_ANALYZER_NUMBER_OBJECT_CONVERSION = YES_AGGRESSIVE;
				CLANG_CXX_LANGUAGE_STANDARD = "gnu++14";
				CLANG_CXX_LIBRARY = "libc++";
				CLANG_ENABLE_MODULES = YES;
				CLANG_ENABLE_OBJC_ARC = YES;
				CLANG_ENABLE_OBJC_WEAK = YES;
				CLANG_WARN_BLOCK_CAPTURE_AUTORELEASING = YES;
				CLANG_WARN_BOOL_CONVERSION = YES;
				CLANG_WARN_COMMA = YES;
				CLANG_WARN_CONSTANT_CONVERSION = YES;
				CLANG_WARN_DEPRECATED_OBJC_IMPLEMENTATIONS = YES;
				CLANG_WARN_DIRECT_OBJC_ISA_USAGE = YES_ERROR;
				CLANG_WARN_DOCUMENTATION_COMMENTS = YES;
				CLANG_WARN_EMPTY_BODY = YES;
				CLANG_WARN_ENUM_CONVERSION = YES;
				CLANG_WARN_INFINITE_RECURSION = YES;
				CLANG_WARN_INT_CONVERSION = YES;
				CLANG_WARN_NON_LITERAL_NULL_CONVERSION = YES;
				CLANG_WARN_OBJC_IMPLICIT_RETAIN_SELF = YES;
				CLANG_WARN_OBJC_LITERAL_CONVERSION = YES;
				CLANG_WARN_OBJC_ROOT_CLASS = YES_ERROR;
				CLANG_WARN_QUOTED_INCLUDE_IN_FRAMEWORK_HEADER = YES;
				CLANG_WARN_RANGE_LOOP_ANALYSIS = YES;
				CLANG_WARN_STRICT_PROTOTYPES = YES;
				CLANG_WARN_SUSPICIOUS_MOVE = YES;
				CLANG_WARN_UNGUARDED_AVAILABILITY = YES_AGGRESSIVE;
				CLANG_WARN_UNREACHABLE_CODE = YES;
				CLANG_WARN__DUPLICATE_METHOD_MATCH = YES;
				COPY_PHASE_STRIP = NO;
				DEBUG_INFORMATION_FORMAT = "dwarf-with-dsym";
				ENABLE_NS_ASSERTIONS = NO;
				ENABLE_STRICT_OBJC_MSGSEND = YES;
				GCC_C_LANGUAGE_STANDARD = gnu11;
				GCC_NO_COMMON_BLOCKS = YES;
				GCC_WARN_64_TO_32_BIT_CONVERSION = YES;
				GCC_WARN_ABOUT_RETURN_TYPE = YES_ERROR;
				GCC_WARN_UNDECLARED_SELECTOR = YES;
				GCC_WARN_UNINITIALIZED_AUTOS = YES_AGGRESSIVE;
				GCC_WARN_UNUSED_FUNCTION = YES;
				GCC_WARN_UNUSED_VARIABLE = YES;
				MTL_ENABLE_DEBUG_INFO = NO;
				MTL_FAST_MATH = YES;
				PRODUCT_NAME = "$(TARGET_NAME)";
				SDKROOT = macosx;
				SWIFT_COMPILATION_MODE = wholemodule;
				SWIFT_OPTIMIZATION_LEVEL = "-O";
				SWIFT_VERSION = 5.0;
			};
			name = Dev;
		};
		9264D9CD4E2A7E31EB00947C /* Dev */ = {
			isa = XCBuildConfiguration;
			buildSettings = {
				ASSETCATALOG_COMPILER_APPICON_NAME = AppIcon;
				CODE_SIGN_ENTITLEMENTS = resources/AeroSpace.entitlements;
				CODE_SIGN_IDENTITY = "aerospace-codesign-certificate";
				COMBINE_HIDPI_IMAGES = YES;
				GENERATE_INFOPLIST_FILE = YES;
				INFOPLIST_KEY_LSUIElement = YES;
				LD_RUNPATH_SEARCH_PATHS = (
					"$(inherited)",
					"@executable_path/../Frameworks",
				);
				MACOSX_DEPLOYMENT_TARGET = 13.0;
				MARKETING_VERSION = "0.0.0-SNAPSHOT";
				PRODUCT_BUNDLE_IDENTIFIER = bobko.aerospace.dev;
				PRODUCT_NAME = "AeroSpace-Dev";
				SDKROOT = macosx;
				SWIFT_VERSION = 5.9;
			};
			name = Dev;
		};
		A991F90908318BCD1655E904 /* Release */ = {
			isa = XCBuildConfiguration;
			buildSettings = {
				ALWAYS_SEARCH_USER_PATHS = NO;
				CLANG_ANALYZER_NONNULL = YES;
				CLANG_ANALYZER_NUMBER_OBJECT_CONVERSION = YES_AGGRESSIVE;
				CLANG_CXX_LANGUAGE_STANDARD = "gnu++14";
				CLANG_CXX_LIBRARY = "libc++";
				CLANG_ENABLE_MODULES = YES;
				CLANG_ENABLE_OBJC_ARC = YES;
				CLANG_ENABLE_OBJC_WEAK = YES;
				CLANG_WARN_BLOCK_CAPTURE_AUTORELEASING = YES;
				CLANG_WARN_BOOL_CONVERSION = YES;
				CLANG_WARN_COMMA = YES;
				CLANG_WARN_CONSTANT_CONVERSION = YES;
				CLANG_WARN_DEPRECATED_OBJC_IMPLEMENTATIONS = YES;
				CLANG_WARN_DIRECT_OBJC_ISA_USAGE = YES_ERROR;
				CLANG_WARN_DOCUMENTATION_COMMENTS = YES;
				CLANG_WARN_EMPTY_BODY = YES;
				CLANG_WARN_ENUM_CONVERSION = YES;
				CLANG_WARN_INFINITE_RECURSION = YES;
				CLANG_WARN_INT_CONVERSION = YES;
				CLANG_WARN_NON_LITERAL_NULL_CONVERSION = YES;
				CLANG_WARN_OBJC_IMPLICIT_RETAIN_SELF = YES;
				CLANG_WARN_OBJC_LITERAL_CONVERSION = YES;
				CLANG_WARN_OBJC_ROOT_CLASS = YES_ERROR;
				CLANG_WARN_QUOTED_INCLUDE_IN_FRAMEWORK_HEADER = YES;
				CLANG_WARN_RANGE_LOOP_ANALYSIS = YES;
				CLANG_WARN_STRICT_PROTOTYPES = YES;
				CLANG_WARN_SUSPICIOUS_MOVE = YES;
				CLANG_WARN_UNGUARDED_AVAILABILITY = YES_AGGRESSIVE;
				CLANG_WARN_UNREACHABLE_CODE = YES;
				CLANG_WARN__DUPLICATE_METHOD_MATCH = YES;
				COPY_PHASE_STRIP = NO;
				DEBUG_INFORMATION_FORMAT = "dwarf-with-dsym";
				ENABLE_NS_ASSERTIONS = NO;
				ENABLE_STRICT_OBJC_MSGSEND = YES;
				GCC_C_LANGUAGE_STANDARD = gnu11;
				GCC_NO_COMMON_BLOCKS = YES;
				GCC_WARN_64_TO_32_BIT_CONVERSION = YES;
				GCC_WARN_ABOUT_RETURN_TYPE = YES_ERROR;
				GCC_WARN_UNDECLARED_SELECTOR = YES;
				GCC_WARN_UNINITIALIZED_AUTOS = YES_AGGRESSIVE;
				GCC_WARN_UNUSED_FUNCTION = YES;
				GCC_WARN_UNUSED_VARIABLE = YES;
				MTL_ENABLE_DEBUG_INFO = NO;
				MTL_FAST_MATH = YES;
				PRODUCT_NAME = "$(TARGET_NAME)";
				SDKROOT = macosx;
				SWIFT_COMPILATION_MODE = wholemodule;
				SWIFT_OPTIMIZATION_LEVEL = "-O";
				SWIFT_VERSION = 5.0;
			};
			name = Release;
		};
		D1D1A9E07F0AB40E14CAC0F6 /* Release */ = {
			isa = XCBuildConfiguration;
			buildSettings = {
				ASSETCATALOG_COMPILER_APPICON_NAME = AppIcon;
				CODE_SIGN_ENTITLEMENTS = resources/AeroSpace.entitlements;
				CODE_SIGN_IDENTITY = "aerospace-codesign-certificate";
				COMBINE_HIDPI_IMAGES = YES;
				GENERATE_INFOPLIST_FILE = YES;
				INFOPLIST_KEY_LSUIElement = YES;
				LD_RUNPATH_SEARCH_PATHS = (
					"$(inherited)",
					"@executable_path/../Frameworks",
				);
				MACOSX_DEPLOYMENT_TARGET = 13.0;
				MARKETING_VERSION = "0.0.0-SNAPSHOT";
				PRODUCT_BUNDLE_IDENTIFIER = bobko.aerospace;
				PRODUCT_NAME = AeroSpace;
				SDKROOT = macosx;
				SWIFT_VERSION = 5.9;
			};
			name = Release;
		};
/* End XCBuildConfiguration section */

/* Begin XCConfigurationList section */
		1C34EA41A1F045E016D1944D /* Build configuration list for PBXNativeTarget "AeroSpace" */ = {
			isa = XCConfigurationList;
			buildConfigurations = (
				31B702864571F51814E4F12C /* Debug */,
				9264D9CD4E2A7E31EB00947C /* Dev */,
				D1D1A9E07F0AB40E14CAC0F6 /* Release */,
			);
			defaultConfigurationIsVisible = 0;
			defaultConfigurationName = Debug;
		};
		D6982B0C3E92C5AF28BCD315 /* Build configuration list for PBXProject "AeroSpace" */ = {
			isa = XCConfigurationList;
			buildConfigurations = (
				175127AAF914899705FABF12 /* Debug */,
				6BDAA670FB7E7B16FDEB09CB /* Dev */,
				A991F90908318BCD1655E904 /* Release */,
			);
			defaultConfigurationIsVisible = 0;
			defaultConfigurationName = Debug;
		};
/* End XCConfigurationList section */

/* Begin XCLocalSwiftPackageReference section */
		9A00429279948F2879C9FE30 /* XCLocalSwiftPackageReference "." */ = {
			isa = XCLocalSwiftPackageReference;
			relativePath = .;
		};
/* End XCLocalSwiftPackageReference section */

/* Begin XCSwiftPackageProductDependency section */
		018E55979F61DA6DA6DCB442 /* AppBundle */ = {
			isa = XCSwiftPackageProductDependency;
			productName = AppBundle;
		};
/* End XCSwiftPackageProductDependency section */
	};
	rootObject = 0B585B3093DA0FC12E7983E2 /* Project object */;
}
