// !$*UTF8*$!
{
	archiveVersion = 1;
	classes = {
	};
	objectVersion = 54;
	objects = {

/* Begin PBXBuildFile section */
		07FF7938628995F68DFEB524 /* ViewModel.swift in Sources */ = {isa = PBXBuildFile; fileRef = 24F99E8C4FD17A1D939C41F1 /* ViewModel.swift */; };
		080DAA83BADA766D94A2BD3C /* Workspace.swift in Sources */ = {isa = PBXBuildFile; fileRef = 38A4C333EA5B4D4527DD97D4 /* Workspace.swift */; };
		2F8DC074DAB97DC87E07A559 /* Bundle.swift in Sources */ = {isa = PBXBuildFile; fileRef = F9CAC977020A08D0227FAFB2 /* Bundle.swift */; };
		4005ECE237BD9230F74CA917 /* TreeNodeEx.swift in Sources */ = {isa = PBXBuildFile; fileRef = F8C39B0C4E4888832129C4C7 /* TreeNodeEx.swift */; };
		518B9E5AC031C24C7C84CD70 /* MacWindow.swift in Sources */ = {isa = PBXBuildFile; fileRef = 243F29F496F7463F3482DD10 /* MacWindow.swift */; };
		6317AB471F4C4F5D66A25784 /* Assets.xcassets in Resources */ = {isa = PBXBuildFile; fileRef = EEDBFFCA7A77D96B18FB0732 /* Assets.xcassets */; };
		66E6CDA75DDD5E4B9647EDE2 /* AeroSpaceApp.swift in Sources */ = {isa = PBXBuildFile; fileRef = 1E81623E8954701269A22322 /* AeroSpaceApp.swift */; };
		783B0B965BA45D7A2943F7BF /* TilingContainer.swift in Sources */ = {isa = PBXBuildFile; fileRef = 3E05FB0C7158C8B6DECBD603 /* TilingContainer.swift */; };
		7FE92DDAC2F094C83A177914 /* MacApp.swift in Sources */ = {isa = PBXBuildFile; fileRef = D6296D5F9AFE5F266EE4B1D0 /* MacApp.swift */; };
		852F88894A3B9FC385563665 /* HotKey in Frameworks */ = {isa = PBXBuildFile; productRef = 42BC1E757EF69233C2262FF4 /* HotKey */; };
		96593DF93A69CA2E05189A3F /* axObservers.swift in Sources */ = {isa = PBXBuildFile; fileRef = 7E6F3930E3BF5D8196A20E9B /* axObservers.swift */; };
		B0D0C37BAE7E7F0D0FF1E9FC /* GlobalObserver.swift in Sources */ = {isa = PBXBuildFile; fileRef = 3C2E5977331398421A4FC168 /* GlobalObserver.swift */; };
		B1E2002BB8F70F2555AAA82D /* TreeNode.swift in Sources */ = {isa = PBXBuildFile; fileRef = D295CA45172ADBDB1E4DF708 /* TreeNode.swift */; };
		B209E364EA9C2FB810425A13 /* utils.swift in Sources */ = {isa = PBXBuildFile; fileRef = 4CAA43D9C8FF059B23C405FD /* utils.swift */; };
		B3702BB393A9B03CCAE4C60E /* refresh.swift in Sources */ = {isa = PBXBuildFile; fileRef = 526B113159987FA43EA41120 /* refresh.swift */; };
		E2FD8E2B2D2BE6B88BF8E8AD /* accessibility.swift in Sources */ = {isa = PBXBuildFile; fileRef = EE605CF46DE6377C69B9D49D /* accessibility.swift */; };
/* End PBXBuildFile section */

/* Begin PBXFileReference section */
		09685297933511208058F7CF /* AeroSpace.app */ = {isa = PBXFileReference; explicitFileType = wrapper.application; includeInIndex = 0; path = AeroSpace.app; sourceTree = BUILT_PRODUCTS_DIR; };
		1E81623E8954701269A22322 /* AeroSpaceApp.swift */ = {isa = PBXFileReference; lastKnownFileType = sourcecode.swift; path = AeroSpaceApp.swift; sourceTree = "<group>"; };
		243F29F496F7463F3482DD10 /* MacWindow.swift */ = {isa = PBXFileReference; lastKnownFileType = sourcecode.swift; path = MacWindow.swift; sourceTree = "<group>"; };
		24F99E8C4FD17A1D939C41F1 /* ViewModel.swift */ = {isa = PBXFileReference; lastKnownFileType = sourcecode.swift; path = ViewModel.swift; sourceTree = "<group>"; };
		38A4C333EA5B4D4527DD97D4 /* Workspace.swift */ = {isa = PBXFileReference; lastKnownFileType = sourcecode.swift; path = Workspace.swift; sourceTree = "<group>"; };
		3C2E5977331398421A4FC168 /* GlobalObserver.swift */ = {isa = PBXFileReference; lastKnownFileType = sourcecode.swift; path = GlobalObserver.swift; sourceTree = "<group>"; };
		3E05FB0C7158C8B6DECBD603 /* TilingContainer.swift */ = {isa = PBXFileReference; lastKnownFileType = sourcecode.swift; path = TilingContainer.swift; sourceTree = "<group>"; };
		4CAA43D9C8FF059B23C405FD /* utils.swift */ = {isa = PBXFileReference; lastKnownFileType = sourcecode.swift; path = utils.swift; sourceTree = "<group>"; };
		526B113159987FA43EA41120 /* refresh.swift */ = {isa = PBXFileReference; lastKnownFileType = sourcecode.swift; path = refresh.swift; sourceTree = "<group>"; };
		7E6F3930E3BF5D8196A20E9B /* axObservers.swift */ = {isa = PBXFileReference; lastKnownFileType = sourcecode.swift; path = axObservers.swift; sourceTree = "<group>"; };
		BEF353340822CD20E9DAB3EC /* AeroSpace.entitlements */ = {isa = PBXFileReference; lastKnownFileType = text.plist.entitlements; path = AeroSpace.entitlements; sourceTree = "<group>"; };
		D295CA45172ADBDB1E4DF708 /* TreeNode.swift */ = {isa = PBXFileReference; lastKnownFileType = sourcecode.swift; path = TreeNode.swift; sourceTree = "<group>"; };
		D6296D5F9AFE5F266EE4B1D0 /* MacApp.swift */ = {isa = PBXFileReference; lastKnownFileType = sourcecode.swift; path = MacApp.swift; sourceTree = "<group>"; };
		EC2F56249A233EC9806D0F08 /* Bridged-Header.h */ = {isa = PBXFileReference; lastKnownFileType = sourcecode.c.h; path = "Bridged-Header.h"; sourceTree = "<group>"; };
		EE605CF46DE6377C69B9D49D /* accessibility.swift */ = {isa = PBXFileReference; lastKnownFileType = sourcecode.swift; path = accessibility.swift; sourceTree = "<group>"; };
		EEDBFFCA7A77D96B18FB0732 /* Assets.xcassets */ = {isa = PBXFileReference; lastKnownFileType = folder.assetcatalog; path = Assets.xcassets; sourceTree = "<group>"; };
		F8C39B0C4E4888832129C4C7 /* TreeNodeEx.swift */ = {isa = PBXFileReference; lastKnownFileType = sourcecode.swift; path = TreeNodeEx.swift; sourceTree = "<group>"; };
		F9CAC977020A08D0227FAFB2 /* Bundle.swift */ = {isa = PBXFileReference; lastKnownFileType = sourcecode.swift; path = Bundle.swift; sourceTree = "<group>"; };
/* End PBXFileReference section */

/* Begin PBXFrameworksBuildPhase section */
		2AFAB0BC1A2742132D7CB950 /* Frameworks */ = {
			isa = PBXFrameworksBuildPhase;
			buildActionMask = 2147483647;
			files = (
				852F88894A3B9FC385563665 /* HotKey in Frameworks */,
			);
			runOnlyForDeploymentPostprocessing = 0;
		};
/* End PBXFrameworksBuildPhase section */

/* Begin PBXGroup section */
		38E5F06C862662755065FF1D /* model */ = {
			isa = PBXGroup;
			children = (
				3E05FB0C7158C8B6DECBD603 /* TilingContainer.swift */,
				D295CA45172ADBDB1E4DF708 /* TreeNode.swift */,
				F8C39B0C4E4888832129C4C7 /* TreeNodeEx.swift */,
				38A4C333EA5B4D4527DD97D4 /* Workspace.swift */,
			);
			path = model;
			sourceTree = "<group>";
		};
		393942C56466FDBBE35F9EC0 = {
			isa = PBXGroup;
			children = (
				8338180CE208CBDCD6D8E911 /* src */,
				62BEA6F49E6648E2EE3C208F /* Products */,
			);
			sourceTree = "<group>";
		};
		62BEA6F49E6648E2EE3C208F /* Products */ = {
			isa = PBXGroup;
			children = (
				09685297933511208058F7CF /* AeroSpace.app */,
			);
			name = Products;
			sourceTree = "<group>";
		};
		8338180CE208CBDCD6D8E911 /* src */ = {
			isa = PBXGroup;
			children = (
				EE605CF46DE6377C69B9D49D /* accessibility.swift */,
				BEF353340822CD20E9DAB3EC /* AeroSpace.entitlements */,
				1E81623E8954701269A22322 /* AeroSpaceApp.swift */,
				EEDBFFCA7A77D96B18FB0732 /* Assets.xcassets */,
				EC2F56249A233EC9806D0F08 /* Bridged-Header.h */,
				F9CAC977020A08D0227FAFB2 /* Bundle.swift */,
				3C2E5977331398421A4FC168 /* GlobalObserver.swift */,
				526B113159987FA43EA41120 /* refresh.swift */,
				4CAA43D9C8FF059B23C405FD /* utils.swift */,
				24F99E8C4FD17A1D939C41F1 /* ViewModel.swift */,
				89B36C927EF9F6CB9CE830C7 /* axWrappers */,
				38E5F06C862662755065FF1D /* model */,
			);
			path = src;
			sourceTree = "<group>";
		};
		89B36C927EF9F6CB9CE830C7 /* axWrappers */ = {
			isa = PBXGroup;
			children = (
				7E6F3930E3BF5D8196A20E9B /* axObservers.swift */,
				D6296D5F9AFE5F266EE4B1D0 /* MacApp.swift */,
				243F29F496F7463F3482DD10 /* MacWindow.swift */,
			);
			path = axWrappers;
			sourceTree = "<group>";
		};
/* End PBXGroup section */

/* Begin PBXNativeTarget section */
		B00BE37A79171B0EE995EB83 /* AeroSpace */ = {
			isa = PBXNativeTarget;
			buildConfigurationList = 1C34EA41A1F045E016D1944D /* Build configuration list for PBXNativeTarget "AeroSpace" */;
			buildPhases = (
				D7A18303C03F2CB26F7BB54B /* Sources */,
				BA5F2F9022B8385637D263E4 /* Resources */,
				2AFAB0BC1A2742132D7CB950 /* Frameworks */,
			);
			buildRules = (
			);
			dependencies = (
			);
			name = AeroSpace;
			packageProductDependencies = (
				42BC1E757EF69233C2262FF4 /* HotKey */,
			);
			productName = AeroSpace;
			productReference = 09685297933511208058F7CF /* AeroSpace.app */;
			productType = "com.apple.product-type.application";
		};
/* End PBXNativeTarget section */

/* Begin PBXProject section */
		0B585B3093DA0FC12E7983E2 /* Project object */ = {
			isa = PBXProject;
			attributes = {
				BuildIndependentTargetsInParallel = YES;
				LastUpgradeCheck = 1430;
				TargetAttributes = {
					B00BE37A79171B0EE995EB83 = {
						ProvisioningStyle = Automatic;
					};
				};
			};
			buildConfigurationList = D6982B0C3E92C5AF28BCD315 /* Build configuration list for PBXProject "AeroSpace" */;
			compatibilityVersion = "Xcode 14.0";
			developmentRegion = en;
			hasScannedForEncodings = 0;
			knownRegions = (
				Base,
				en,
			);
			mainGroup = 393942C56466FDBBE35F9EC0;
			packageReferences = (
				E28C4FCC0A02BC0BF9E71D67 /* XCRemoteSwiftPackageReference "HotKey" */,
			);
			projectDirPath = "";
			projectRoot = "";
			targets = (
				B00BE37A79171B0EE995EB83 /* AeroSpace */,
			);
		};
/* End PBXProject section */

/* Begin PBXResourcesBuildPhase section */
		BA5F2F9022B8385637D263E4 /* Resources */ = {
			isa = PBXResourcesBuildPhase;
			buildActionMask = 2147483647;
			files = (
				6317AB471F4C4F5D66A25784 /* Assets.xcassets in Resources */,
			);
			runOnlyForDeploymentPostprocessing = 0;
		};
/* End PBXResourcesBuildPhase section */

/* Begin PBXSourcesBuildPhase section */
		D7A18303C03F2CB26F7BB54B /* Sources */ = {
			isa = PBXSourcesBuildPhase;
			buildActionMask = 2147483647;
			files = (
				66E6CDA75DDD5E4B9647EDE2 /* AeroSpaceApp.swift in Sources */,
				2F8DC074DAB97DC87E07A559 /* Bundle.swift in Sources */,
				B0D0C37BAE7E7F0D0FF1E9FC /* GlobalObserver.swift in Sources */,
				7FE92DDAC2F094C83A177914 /* MacApp.swift in Sources */,
				518B9E5AC031C24C7C84CD70 /* MacWindow.swift in Sources */,
				783B0B965BA45D7A2943F7BF /* TilingContainer.swift in Sources */,
				B1E2002BB8F70F2555AAA82D /* TreeNode.swift in Sources */,
				4005ECE237BD9230F74CA917 /* TreeNodeEx.swift in Sources */,
				07FF7938628995F68DFEB524 /* ViewModel.swift in Sources */,
				080DAA83BADA766D94A2BD3C /* Workspace.swift in Sources */,
				E2FD8E2B2D2BE6B88BF8E8AD /* accessibility.swift in Sources */,
				96593DF93A69CA2E05189A3F /* axObservers.swift in Sources */,
				B3702BB393A9B03CCAE4C60E /* refresh.swift in Sources */,
				B209E364EA9C2FB810425A13 /* utils.swift in Sources */,
			);
			runOnlyForDeploymentPostprocessing = 0;
		};
/* End PBXSourcesBuildPhase section */

/* Begin XCBuildConfiguration section */
		175127AAF914899705FABF12 /* Debug */ = {
			isa = XCBuildConfiguration;
			buildSettings = {
				ALWAYS_SEARCH_USER_PATHS = NO;
				CLANG_ANALYZER_NONNULL = YES;
				CLANG_ANALYZER_NUMBER_OBJECT_CONVERSION = YES_AGGRESSIVE;
				CLANG_CXX_LANGUAGE_STANDARD = "gnu++14";
				CLANG_CXX_LIBRARY = "libc++";
				CLANG_ENABLE_MODULES = YES;
				CLANG_ENABLE_OBJC_ARC = YES;
				CLANG_ENABLE_OBJC_WEAK = YES;
				CLANG_WARN_BLOCK_CAPTURE_AUTORELEASING = YES;
				CLANG_WARN_BOOL_CONVERSION = YES;
				CLANG_WARN_COMMA = YES;
				CLANG_WARN_CONSTANT_CONVERSION = YES;
				CLANG_WARN_DEPRECATED_OBJC_IMPLEMENTATIONS = YES;
				CLANG_WARN_DIRECT_OBJC_ISA_USAGE = YES_ERROR;
				CLANG_WARN_DOCUMENTATION_COMMENTS = YES;
				CLANG_WARN_EMPTY_BODY = YES;
				CLANG_WARN_ENUM_CONVERSION = YES;
				CLANG_WARN_INFINITE_RECURSION = YES;
				CLANG_WARN_INT_CONVERSION = YES;
				CLANG_WARN_NON_LITERAL_NULL_CONVERSION = YES;
				CLANG_WARN_OBJC_IMPLICIT_RETAIN_SELF = YES;
				CLANG_WARN_OBJC_LITERAL_CONVERSION = YES;
				CLANG_WARN_OBJC_ROOT_CLASS = YES_ERROR;
				CLANG_WARN_QUOTED_INCLUDE_IN_FRAMEWORK_HEADER = YES;
				CLANG_WARN_RANGE_LOOP_ANALYSIS = YES;
				CLANG_WARN_STRICT_PROTOTYPES = YES;
				CLANG_WARN_SUSPICIOUS_MOVE = YES;
				CLANG_WARN_UNGUARDED_AVAILABILITY = YES_AGGRESSIVE;
				CLANG_WARN_UNREACHABLE_CODE = YES;
				CLANG_WARN__DUPLICATE_METHOD_MATCH = YES;
				COPY_PHASE_STRIP = NO;
				DEBUG_INFORMATION_FORMAT = dwarf;
				ENABLE_STRICT_OBJC_MSGSEND = YES;
				ENABLE_TESTABILITY = YES;
				GCC_C_LANGUAGE_STANDARD = gnu11;
				GCC_DYNAMIC_NO_PIC = NO;
				GCC_NO_COMMON_BLOCKS = YES;
				GCC_OPTIMIZATION_LEVEL = 0;
				GCC_PREPROCESSOR_DEFINITIONS = (
					"$(inherited)",
					"DEBUG=1",
				);
				GCC_WARN_64_TO_32_BIT_CONVERSION = YES;
				GCC_WARN_ABOUT_RETURN_TYPE = YES_ERROR;
				GCC_WARN_UNDECLARED_SELECTOR = YES;
				GCC_WARN_UNINITIALIZED_AUTOS = YES_AGGRESSIVE;
				GCC_WARN_UNUSED_FUNCTION = YES;
				GCC_WARN_UNUSED_VARIABLE = YES;
				MTL_ENABLE_DEBUG_INFO = INCLUDE_SOURCE;
				MTL_FAST_MATH = YES;
				ONLY_ACTIVE_ARCH = YES;
				PRODUCT_NAME = "$(TARGET_NAME)";
				SDKROOT = macosx;
				SWIFT_ACTIVE_COMPILATION_CONDITIONS = DEBUG;
				SWIFT_OPTIMIZATION_LEVEL = "-Onone";
				SWIFT_VERSION = 5.0;
			};
			name = Debug;
		};
		31B702864571F51814E4F12C /* Debug */ = {
			isa = XCBuildConfiguration;
			buildSettings = {
				ASSETCATALOG_COMPILER_APPICON_NAME = AppIcon;
				CODE_SIGN_ENTITLEMENTS = src/AeroSpace.entitlements;
				CODE_SIGN_STYLE = Automatic;
				COMBINE_HIDPI_IMAGES = YES;
				GENERATE_INFOPLIST_FILE = YES;
				INFOPLIST_KEY_LSUIElement = YES;
				LD_RUNPATH_SEARCH_PATHS = (
					"$(inherited)",
					"@executable_path/../Frameworks",
				);
				MACOSX_DEPLOYMENT_TARGET = 13.0;
				MARKETING_VERSION = 0.0.1;
				PRODUCT_BUNDLE_IDENTIFIER = bobko.debug.AeroSpace;
				PRODUCT_NAME = "AeroSpace-Debug";
				SDKROOT = macosx;
				SWIFT_OBJC_BRIDGING_HEADER = "src/Bridged-Header.h";
				SWIFT_VERSION = 5.8;
			};
			name = Debug;
		};
		A991F90908318BCD1655E904 /* Release */ = {
			isa = XCBuildConfiguration;
			buildSettings = {
				ALWAYS_SEARCH_USER_PATHS = NO;
				CLANG_ANALYZER_NONNULL = YES;
				CLANG_ANALYZER_NUMBER_OBJECT_CONVERSION = YES_AGGRESSIVE;
				CLANG_CXX_LANGUAGE_STANDARD = "gnu++14";
				CLANG_CXX_LIBRARY = "libc++";
				CLANG_ENABLE_MODULES = YES;
				CLANG_ENABLE_OBJC_ARC = YES;
				CLANG_ENABLE_OBJC_WEAK = YES;
				CLANG_WARN_BLOCK_CAPTURE_AUTORELEASING = YES;
				CLANG_WARN_BOOL_CONVERSION = YES;
				CLANG_WARN_COMMA = YES;
				CLANG_WARN_CONSTANT_CONVERSION = YES;
				CLANG_WARN_DEPRECATED_OBJC_IMPLEMENTATIONS = YES;
				CLANG_WARN_DIRECT_OBJC_ISA_USAGE = YES_ERROR;
				CLANG_WARN_DOCUMENTATION_COMMENTS = YES;
				CLANG_WARN_EMPTY_BODY = YES;
				CLANG_WARN_ENUM_CONVERSION = YES;
				CLANG_WARN_INFINITE_RECURSION = YES;
				CLANG_WARN_INT_CONVERSION = YES;
				CLANG_WARN_NON_LITERAL_NULL_CONVERSION = YES;
				CLANG_WARN_OBJC_IMPLICIT_RETAIN_SELF = YES;
				CLANG_WARN_OBJC_LITERAL_CONVERSION = YES;
				CLANG_WARN_OBJC_ROOT_CLASS = YES_ERROR;
				CLANG_WARN_QUOTED_INCLUDE_IN_FRAMEWORK_HEADER = YES;
				CLANG_WARN_RANGE_LOOP_ANALYSIS = YES;
				CLANG_WARN_STRICT_PROTOTYPES = YES;
				CLANG_WARN_SUSPICIOUS_MOVE = YES;
				CLANG_WARN_UNGUARDED_AVAILABILITY = YES_AGGRESSIVE;
				CLANG_WARN_UNREACHABLE_CODE = YES;
				CLANG_WARN__DUPLICATE_METHOD_MATCH = YES;
				COPY_PHASE_STRIP = NO;
				DEBUG_INFORMATION_FORMAT = "dwarf-with-dsym";
				ENABLE_NS_ASSERTIONS = NO;
				ENABLE_STRICT_OBJC_MSGSEND = YES;
				GCC_C_LANGUAGE_STANDARD = gnu11;
				GCC_NO_COMMON_BLOCKS = YES;
				GCC_WARN_64_TO_32_BIT_CONVERSION = YES;
				GCC_WARN_ABOUT_RETURN_TYPE = YES_ERROR;
				GCC_WARN_UNDECLARED_SELECTOR = YES;
				GCC_WARN_UNINITIALIZED_AUTOS = YES_AGGRESSIVE;
				GCC_WARN_UNUSED_FUNCTION = YES;
				GCC_WARN_UNUSED_VARIABLE = YES;
				MTL_ENABLE_DEBUG_INFO = NO;
				MTL_FAST_MATH = YES;
				PRODUCT_NAME = "$(TARGET_NAME)";
				SDKROOT = macosx;
				SWIFT_COMPILATION_MODE = wholemodule;
				SWIFT_OPTIMIZATION_LEVEL = "-O";
				SWIFT_VERSION = 5.0;
			};
			name = Release;
		};
		D1D1A9E07F0AB40E14CAC0F6 /* Release */ = {
			isa = XCBuildConfiguration;
			buildSettings = {
				ASSETCATALOG_COMPILER_APPICON_NAME = AppIcon;
				CODE_SIGN_ENTITLEMENTS = src/AeroSpace.entitlements;
				CODE_SIGN_IDENTITY = "Apple Development";
				"CODE_SIGN_IDENTITY[sdk=macosx*]" = "Apple Development";
				CODE_SIGN_STYLE = Automatic;
				COMBINE_HIDPI_IMAGES = YES;
				DEVELOPMENT_TEAM = 4MWP47XA68;
				GENERATE_INFOPLIST_FILE = YES;
				INFOPLIST_KEY_LSUIElement = YES;
				LD_RUNPATH_SEARCH_PATHS = (
					"$(inherited)",
					"@executable_path/../Frameworks",
				);
				MACOSX_DEPLOYMENT_TARGET = 13.0;
				MARKETING_VERSION = 0.0.1;
				PRODUCT_BUNDLE_IDENTIFIER = bobko.AeroSpace;
				PRODUCT_NAME = AeroSpace;
				SDKROOT = macosx;
				SWIFT_OBJC_BRIDGING_HEADER = "src/Bridged-Header.h";
				SWIFT_VERSION = 5.8;
			};
			name = Release;
		};
/* End XCBuildConfiguration section */

/* Begin XCConfigurationList section */
		1C34EA41A1F045E016D1944D /* Build configuration list for PBXNativeTarget "AeroSpace" */ = {
			isa = XCConfigurationList;
			buildConfigurations = (
				31B702864571F51814E4F12C /* Debug */,
				D1D1A9E07F0AB40E14CAC0F6 /* Release */,
			);
			defaultConfigurationIsVisible = 0;
			defaultConfigurationName = Debug;
		};
		D6982B0C3E92C5AF28BCD315 /* Build configuration list for PBXProject "AeroSpace" */ = {
			isa = XCConfigurationList;
			buildConfigurations = (
				175127AAF914899705FABF12 /* Debug */,
				A991F90908318BCD1655E904 /* Release */,
			);
			defaultConfigurationIsVisible = 0;
			defaultConfigurationName = Debug;
		};
/* End XCConfigurationList section */

/* Begin XCRemoteSwiftPackageReference section */
		E28C4FCC0A02BC0BF9E71D67 /* XCRemoteSwiftPackageReference "HotKey" */ = {
			isa = XCRemoteSwiftPackageReference;
			repositoryURL = "https://github.com/soffes/HotKey";
			requirement = {
				kind = exactVersion;
				version = 0.1.3;
			};
		};
/* End XCRemoteSwiftPackageReference section */

/* Begin XCSwiftPackageProductDependency section */
		42BC1E757EF69233C2262FF4 /* HotKey */ = {
			isa = XCSwiftPackageProductDependency;
			package = E28C4FCC0A02BC0BF9E71D67 /* XCRemoteSwiftPackageReference "HotKey" */;
			productName = HotKey;
		};
/* End XCSwiftPackageProductDependency section */
	};
	rootObject = 0B585B3093DA0FC12E7983E2 /* Project object */;
}
