// !$*UTF8*$!
{
	archiveVersion = 1;
	classes = {
	};
	objectVersion = 56;
	objects = {

/* Begin PBXBuildFile section */
		218FCDA92A1966B800B3D559 /* AeroSpaceApp.swift in Sources */ = {isa = PBXBuildFile; fileRef = 218FCDA82A1966B800B3D559 /* AeroSpaceApp.swift */; };
		218FCDAD2A1966B900B3D559 /* Assets.xcassets in Resources */ = {isa = PBXBuildFile; fileRef = 218FCDAC2A1966B900B3D559 /* Assets.xcassets */; };
		218FCDB02A1966B900B3D559 /* Preview Assets.xcassets in Resources */ = {isa = PBXBuildFile; fileRef = 218FCDAF2A1966B900B3D559 /* Preview Assets.xcassets */; };
		218FCDBB2A1966B900B3D559 /* macos_window_manager_swiftTests.swift in Sources */ = {isa = PBXBuildFile; fileRef = 218FCDBA2A1966B900B3D559 /* macos_window_manager_swiftTests.swift */; };
		218FCDC52A1966B900B3D559 /* macos_window_manager_swiftUITests.swift in Sources */ = {isa = PBXBuildFile; fileRef = 218FCDC42A1966B900B3D559 /* macos_window_manager_swiftUITests.swift */; };
		218FCDC72A1966B900B3D559 /* macos_window_manager_swiftUITestsLaunchTests.swift in Sources */ = {isa = PBXBuildFile; fileRef = 218FCDC62A1966B900B3D559 /* macos_window_manager_swiftUITestsLaunchTests.swift */; };
		218FCDD22A1966C200B3D559 /* Workspace.swift in Sources */ = {isa = PBXBuildFile; fileRef = 598F1942A41A3D7EF7A4EFD3 /* Workspace.swift */; };
		218FCDD32A1966C200B3D559 /* TreeNode.swift in Sources */ = {isa = PBXBuildFile; fileRef = 21192B912A00476200537E5D /* TreeNode.swift */; };
		218FCDD52A1966C200B3D559 /* Container.swift in Sources */ = {isa = PBXBuildFile; fileRef = 21192B8F2A00472200537E5D /* Container.swift */; };
		218FCDD62A1966C200B3D559 /* utils.swift in Sources */ = {isa = PBXBuildFile; fileRef = 598F1E5DE6B847F675940A7E /* utils.swift */; };
		218FCDD72A1966C200B3D559 /* Window.swift in Sources */ = {isa = PBXBuildFile; fileRef = 21192B932A00476B00537E5D /* Window.swift */; };
		218FCDDA2A19682800B3D559 /* HotKey in Frameworks */ = {isa = PBXBuildFile; productRef = 218FCDD92A19682800B3D559 /* HotKey */; };
		598F11C1A395A47C47DCC138 /* ViewModel.swift in Sources */ = {isa = PBXBuildFile; fileRef = 598F1919F1ED15BE39CA8CAD /* ViewModel.swift */; };
		598F17DDD360F613F99A4024 /* accessibility.swift in Sources */ = {isa = PBXBuildFile; fileRef = 598F1EABE9D4CD0440DE9BF3 /* accessibility.swift */; };
		598F18DAC58EE1AF75AA5C8A /* Observer.swift in Sources */ = {isa = PBXBuildFile; fileRef = 598F1DBA3C55625E9D944746 /* Observer.swift */; };
		598F1CC98A5D802D535A92A5 /* Bundle.swift in Sources */ = {isa = PBXBuildFile; fileRef = 598F1B967DAF8BC216635A9F /* Bundle.swift */; };
/* End PBXBuildFile section */

/* Begin PBXContainerItemProxy section */
		218FCDB72A1966B900B3D559 /* PBXContainerItemProxy */ = {
			isa = PBXContainerItemProxy;
			containerPortal = 21192B7B2A00469B00537E5D /* Project object */;
			proxyType = 1;
			remoteGlobalIDString = 218FCDA52A1966B800B3D559;
			remoteInfo = "macos-window-manager-swift";
		};
		218FCDC12A1966B900B3D559 /* PBXContainerItemProxy */ = {
			isa = PBXContainerItemProxy;
			containerPortal = 21192B7B2A00469B00537E5D /* Project object */;
			proxyType = 1;
			remoteGlobalIDString = 218FCDA52A1966B800B3D559;
			remoteInfo = "macos-window-manager-swift";
		};
/* End PBXContainerItemProxy section */

/* Begin PBXFileReference section */
		21192B8F2A00472200537E5D /* Container.swift */ = {isa = PBXFileReference; lastKnownFileType = sourcecode.swift; path = Container.swift; sourceTree = "<group>"; };
		21192B912A00476200537E5D /* TreeNode.swift */ = {isa = PBXFileReference; lastKnownFileType = sourcecode.swift; path = TreeNode.swift; sourceTree = "<group>"; };
		21192B932A00476B00537E5D /* Window.swift */ = {isa = PBXFileReference; lastKnownFileType = sourcecode.swift; path = Window.swift; sourceTree = "<group>"; };
		218FCDA62A1966B800B3D559 /* AeroSpace.app */ = {isa = PBXFileReference; explicitFileType = wrapper.application; includeInIndex = 0; path = AeroSpace.app; sourceTree = BUILT_PRODUCTS_DIR; };
		218FCDA82A1966B800B3D559 /* AeroSpaceApp.swift */ = {isa = PBXFileReference; lastKnownFileType = sourcecode.swift; path = AeroSpaceApp.swift; sourceTree = "<group>"; };
		218FCDAC2A1966B900B3D559 /* Assets.xcassets */ = {isa = PBXFileReference; lastKnownFileType = folder.assetcatalog; path = Assets.xcassets; sourceTree = "<group>"; };
		218FCDAF2A1966B900B3D559 /* Preview Assets.xcassets */ = {isa = PBXFileReference; lastKnownFileType = folder.assetcatalog; path = "Preview Assets.xcassets"; sourceTree = "<group>"; };
		218FCDB12A1966B900B3D559 /* AeroSpace.entitlements */ = {isa = PBXFileReference; lastKnownFileType = text.plist.entitlements; path = AeroSpace.entitlements; sourceTree = "<group>"; };
		218FCDB62A1966B900B3D559 /* AeroSpaceTests.xctest */ = {isa = PBXFileReference; explicitFileType = wrapper.cfbundle; includeInIndex = 0; path = AeroSpaceTests.xctest; sourceTree = BUILT_PRODUCTS_DIR; };
		218FCDBA2A1966B900B3D559 /* macos_window_manager_swiftTests.swift */ = {isa = PBXFileReference; lastKnownFileType = sourcecode.swift; path = macos_window_manager_swiftTests.swift; sourceTree = "<group>"; };
		218FCDC02A1966B900B3D559 /* AeroSpaceUITests.xctest */ = {isa = PBXFileReference; explicitFileType = wrapper.cfbundle; includeInIndex = 0; path = AeroSpaceUITests.xctest; sourceTree = BUILT_PRODUCTS_DIR; };
		218FCDC42A1966B900B3D559 /* macos_window_manager_swiftUITests.swift */ = {isa = PBXFileReference; lastKnownFileType = sourcecode.swift; path = macos_window_manager_swiftUITests.swift; sourceTree = "<group>"; };
		218FCDC62A1966B900B3D559 /* macos_window_manager_swiftUITestsLaunchTests.swift */ = {isa = PBXFileReference; lastKnownFileType = sourcecode.swift; path = macos_window_manager_swiftUITestsLaunchTests.swift; sourceTree = "<group>"; };
		21AF73D62A2374F70078F25A /* Bridged-Header.h */ = {isa = PBXFileReference; lastKnownFileType = sourcecode.c.h; path = "Bridged-Header.h"; sourceTree = "<group>"; };
		598F1919F1ED15BE39CA8CAD /* ViewModel.swift */ = {isa = PBXFileReference; fileEncoding = 4; lastKnownFileType = sourcecode.swift; path = ViewModel.swift; sourceTree = "<group>"; };
		598F1942A41A3D7EF7A4EFD3 /* Workspace.swift */ = {isa = PBXFileReference; fileEncoding = 4; lastKnownFileType = sourcecode.swift; path = Workspace.swift; sourceTree = "<group>"; };
		598F1B967DAF8BC216635A9F /* Bundle.swift */ = {isa = PBXFileReference; fileEncoding = 4; lastKnownFileType = sourcecode.swift; path = Bundle.swift; sourceTree = "<group>"; };
		598F1DBA3C55625E9D944746 /* Observer.swift */ = {isa = PBXFileReference; fileEncoding = 4; lastKnownFileType = sourcecode.swift; path = Observer.swift; sourceTree = "<group>"; };
		598F1E5DE6B847F675940A7E /* utils.swift */ = {isa = PBXFileReference; fileEncoding = 4; lastKnownFileType = sourcecode.swift; path = utils.swift; sourceTree = "<group>"; };
		598F1EABE9D4CD0440DE9BF3 /* accessibility.swift */ = {isa = PBXFileReference; fileEncoding = 4; lastKnownFileType = sourcecode.swift; path = accessibility.swift; sourceTree = "<group>"; };
/* End PBXFileReference section */

/* Begin PBXFrameworksBuildPhase section */
		218FCDA32A1966B800B3D559 /* Frameworks */ = {
			isa = PBXFrameworksBuildPhase;
			buildActionMask = 2147483647;
			files = (
				218FCDDA2A19682800B3D559 /* HotKey in Frameworks */,
			);
			runOnlyForDeploymentPostprocessing = 0;
		};
		218FCDB32A1966B900B3D559 /* Frameworks */ = {
			isa = PBXFrameworksBuildPhase;
			buildActionMask = 2147483647;
			files = (
			);
			runOnlyForDeploymentPostprocessing = 0;
		};
		218FCDBD2A1966B900B3D559 /* Frameworks */ = {
			isa = PBXFrameworksBuildPhase;
			buildActionMask = 2147483647;
			files = (
			);
			runOnlyForDeploymentPostprocessing = 0;
		};
/* End PBXFrameworksBuildPhase section */

/* Begin PBXGroup section */
		21192B7A2A00469B00537E5D = {
			isa = PBXGroup;
			children = (
				218FCDA72A1966B800B3D559 /* src */,
				218FCDB92A1966B900B3D559 /* tests */,
				218FCDC32A1966B900B3D559 /* uiTests */,
				21192B842A00469B00537E5D /* Products */,
				218FCDD82A19682800B3D559 /* Frameworks */,
			);
			sourceTree = "<group>";
		};
		21192B842A00469B00537E5D /* Products */ = {
			isa = PBXGroup;
			children = (
				218FCDA62A1966B800B3D559 /* AeroSpace.app */,
				218FCDB62A1966B900B3D559 /* AeroSpaceTests.xctest */,
				218FCDC02A1966B900B3D559 /* AeroSpaceUITests.xctest */,
			);
			name = Products;
			sourceTree = "<group>";
		};
		218FCDA72A1966B800B3D559 /* src */ = {
			isa = PBXGroup;
			children = (
				21192B8F2A00472200537E5D /* Container.swift */,
				21192B912A00476200537E5D /* TreeNode.swift */,
				21192B932A00476B00537E5D /* Window.swift */,
				598F1942A41A3D7EF7A4EFD3 /* Workspace.swift */,
				598F1E5DE6B847F675940A7E /* utils.swift */,
				21AF73D62A2374F70078F25A /* Bridged-Header.h */,
				218FCDA82A1966B800B3D559 /* AeroSpaceApp.swift */,
				218FCDAC2A1966B900B3D559 /* Assets.xcassets */,
				218FCDB12A1966B900B3D559 /* AeroSpace.entitlements */,
				218FCDAE2A1966B900B3D559 /* Preview Content */,
				598F1919F1ED15BE39CA8CAD /* ViewModel.swift */,
				598F1EABE9D4CD0440DE9BF3 /* accessibility.swift */,
				598F1DBA3C55625E9D944746 /* Observer.swift */,
				598F1B967DAF8BC216635A9F /* Bundle.swift */,
			);
			path = src;
			sourceTree = "<group>";
		};
		218FCDAE2A1966B900B3D559 /* Preview Content */ = {
			isa = PBXGroup;
			children = (
				218FCDAF2A1966B900B3D559 /* Preview Assets.xcassets */,
			);
			path = "Preview Content";
			sourceTree = "<group>";
		};
		218FCDB92A1966B900B3D559 /* tests */ = {
			isa = PBXGroup;
			children = (
				218FCDBA2A1966B900B3D559 /* macos_window_manager_swiftTests.swift */,
			);
			path = tests;
			sourceTree = "<group>";
		};
		218FCDC32A1966B900B3D559 /* uiTests */ = {
			isa = PBXGroup;
			children = (
				218FCDC42A1966B900B3D559 /* macos_window_manager_swiftUITests.swift */,
				218FCDC62A1966B900B3D559 /* macos_window_manager_swiftUITestsLaunchTests.swift */,
			);
			path = uiTests;
			sourceTree = "<group>";
		};
		218FCDD82A19682800B3D559 /* Frameworks */ = {
			isa = PBXGroup;
			children = (
			);
			name = Frameworks;
			sourceTree = "<group>";
		};
/* End PBXGroup section */

/* Begin PBXNativeTarget section */
		218FCDA52A1966B800B3D559 /* AeroSpace */ = {
			isa = PBXNativeTarget;
			buildConfigurationList = 218FCDC82A1966B900B3D559 /* Build configuration list for PBXNativeTarget "AeroSpace" */;
			buildPhases = (
				218FCDA22A1966B800B3D559 /* Sources */,
				218FCDA32A1966B800B3D559 /* Frameworks */,
				218FCDA42A1966B800B3D559 /* Resources */,
			);
			buildRules = (
			);
			dependencies = (
			);
			name = AeroSpace;
			packageProductDependencies = (
				218FCDD92A19682800B3D559 /* HotKey */,
			);
			productName = "macos-window-manager-swift";
			productReference = 218FCDA62A1966B800B3D559 /* AeroSpace.app */;
			productType = "com.apple.product-type.application";
		};
		218FCDB52A1966B900B3D559 /* AeroSpaceTests */ = {
			isa = PBXNativeTarget;
			buildConfigurationList = 218FCDCB2A1966B900B3D559 /* Build configuration list for PBXNativeTarget "AeroSpaceTests" */;
			buildPhases = (
				218FCDB22A1966B900B3D559 /* Sources */,
				218FCDB32A1966B900B3D559 /* Frameworks */,
				218FCDB42A1966B900B3D559 /* Resources */,
			);
			buildRules = (
			);
			dependencies = (
				218FCDB82A1966B900B3D559 /* PBXTargetDependency */,
			);
			name = AeroSpaceTests;
			productName = "macos-window-manager-swiftTests";
			productReference = 218FCDB62A1966B900B3D559 /* AeroSpaceTests.xctest */;
			productType = "com.apple.product-type.bundle.unit-test";
		};
		218FCDBF2A1966B900B3D559 /* AeroSpaceUITests */ = {
			isa = PBXNativeTarget;
			buildConfigurationList = 218FCDCE2A1966B900B3D559 /* Build configuration list for PBXNativeTarget "AeroSpaceUITests" */;
			buildPhases = (
				218FCDBC2A1966B900B3D559 /* Sources */,
				218FCDBD2A1966B900B3D559 /* Frameworks */,
				218FCDBE2A1966B900B3D559 /* Resources */,
			);
			buildRules = (
			);
			dependencies = (
				218FCDC22A1966B900B3D559 /* PBXTargetDependency */,
			);
			name = AeroSpaceUITests;
			productName = "macos-window-manager-swiftUITests";
			productReference = 218FCDC02A1966B900B3D559 /* AeroSpaceUITests.xctest */;
			productType = "com.apple.product-type.bundle.ui-testing";
		};
/* End PBXNativeTarget section */

/* Begin PBXProject section */
		21192B7B2A00469B00537E5D /* Project object */ = {
			isa = PBXProject;
			attributes = {
				BuildIndependentTargetsInParallel = 1;
				LastSwiftUpdateCheck = 1420;
				LastUpgradeCheck = 1420;
				TargetAttributes = {
					218FCDA52A1966B800B3D559 = {
						CreatedOnToolsVersion = 14.2;
					};
					218FCDB52A1966B900B3D559 = {
						CreatedOnToolsVersion = 14.2;
						TestTargetID = 218FCDA52A1966B800B3D559;
					};
					218FCDBF2A1966B900B3D559 = {
						CreatedOnToolsVersion = 14.2;
						TestTargetID = 218FCDA52A1966B800B3D559;
					};
				};
			};
			buildConfigurationList = 21192B7E2A00469B00537E5D /* Build configuration list for PBXProject "AeroSpace" */;
			compatibilityVersion = "Xcode 14.0";
			developmentRegion = en;
			hasScannedForEncodings = 0;
			knownRegions = (
				en,
				Base,
			);
			mainGroup = 21192B7A2A00469B00537E5D;
			packageReferences = (
				218FCD312A19304900B3D559 /* XCRemoteSwiftPackageReference "HotKey" */,
			);
			productRefGroup = 21192B842A00469B00537E5D /* Products */;
			projectDirPath = "";
			projectRoot = "";
			targets = (
				218FCDA52A1966B800B3D559 /* AeroSpace */,
				218FCDB52A1966B900B3D559 /* AeroSpaceTests */,
				218FCDBF2A1966B900B3D559 /* AeroSpaceUITests */,
			);
		};
/* End PBXProject section */

/* Begin PBXResourcesBuildPhase section */
		218FCDA42A1966B800B3D559 /* Resources */ = {
			isa = PBXResourcesBuildPhase;
			buildActionMask = 2147483647;
			files = (
				218FCDB02A1966B900B3D559 /* Preview Assets.xcassets in Resources */,
				218FCDAD2A1966B900B3D559 /* Assets.xcassets in Resources */,
			);
			runOnlyForDeploymentPostprocessing = 0;
		};
		218FCDB42A1966B900B3D559 /* Resources */ = {
			isa = PBXResourcesBuildPhase;
			buildActionMask = 2147483647;
			files = (
			);
			runOnlyForDeploymentPostprocessing = 0;
		};
		218FCDBE2A1966B900B3D559 /* Resources */ = {
			isa = PBXResourcesBuildPhase;
			buildActionMask = 2147483647;
			files = (
			);
			runOnlyForDeploymentPostprocessing = 0;
		};
/* End PBXResourcesBuildPhase section */

/* Begin PBXSourcesBuildPhase section */
		218FCDA22A1966B800B3D559 /* Sources */ = {
			isa = PBXSourcesBuildPhase;
			buildActionMask = 2147483647;
			files = (
				218FCDD22A1966C200B3D559 /* Workspace.swift in Sources */,
				218FCDD72A1966C200B3D559 /* Window.swift in Sources */,
				218FCDA92A1966B800B3D559 /* AeroSpaceApp.swift in Sources */,
				218FCDD52A1966C200B3D559 /* Container.swift in Sources */,
				218FCDD32A1966C200B3D559 /* TreeNode.swift in Sources */,
				218FCDD62A1966C200B3D559 /* utils.swift in Sources */,
				598F11C1A395A47C47DCC138 /* ViewModel.swift in Sources */,
				598F17DDD360F613F99A4024 /* accessibility.swift in Sources */,
				598F18DAC58EE1AF75AA5C8A /* Observer.swift in Sources */,
				598F1CC98A5D802D535A92A5 /* Bundle.swift in Sources */,
			);
			runOnlyForDeploymentPostprocessing = 0;
		};
		218FCDB22A1966B900B3D559 /* Sources */ = {
			isa = PBXSourcesBuildPhase;
			buildActionMask = 2147483647;
			files = (
				218FCDBB2A1966B900B3D559 /* macos_window_manager_swiftTests.swift in Sources */,
			);
			runOnlyForDeploymentPostprocessing = 0;
		};
		218FCDBC2A1966B900B3D559 /* Sources */ = {
			isa = PBXSourcesBuildPhase;
			buildActionMask = 2147483647;
			files = (
				218FCDC72A1966B900B3D559 /* macos_window_manager_swiftUITestsLaunchTests.swift in Sources */,
				218FCDC52A1966B900B3D559 /* macos_window_manager_swiftUITests.swift in Sources */,
			);
			runOnlyForDeploymentPostprocessing = 0;
		};
/* End PBXSourcesBuildPhase section */

/* Begin PBXTargetDependency section */
		218FCDB82A1966B900B3D559 /* PBXTargetDependency */ = {
			isa = PBXTargetDependency;
			target = 218FCDA52A1966B800B3D559 /* AeroSpace */;
			targetProxy = 218FCDB72A1966B900B3D559 /* PBXContainerItemProxy */;
		};
		218FCDC22A1966B900B3D559 /* PBXTargetDependency */ = {
			isa = PBXTargetDependency;
			target = 218FCDA52A1966B800B3D559 /* AeroSpace */;
			targetProxy = 218FCDC12A1966B900B3D559 /* PBXContainerItemProxy */;
		};
/* End PBXTargetDependency section */

/* Begin XCBuildConfiguration section */
		21192B882A00469B00537E5D /* Debug */ = {
			isa = XCBuildConfiguration;
			buildSettings = {
				ALWAYS_SEARCH_USER_PATHS = NO;
				CLANG_ANALYZER_NONNULL = YES;
				CLANG_ANALYZER_NUMBER_OBJECT_CONVERSION = YES_AGGRESSIVE;
				CLANG_CXX_LANGUAGE_STANDARD = "gnu++20";
				CLANG_ENABLE_MODULES = YES;
				CLANG_ENABLE_OBJC_ARC = YES;
				CLANG_ENABLE_OBJC_WEAK = YES;
				CLANG_WARN_BLOCK_CAPTURE_AUTORELEASING = YES;
				CLANG_WARN_BOOL_CONVERSION = YES;
				CLANG_WARN_COMMA = YES;
				CLANG_WARN_CONSTANT_CONVERSION = YES;
				CLANG_WARN_DEPRECATED_OBJC_IMPLEMENTATIONS = YES;
				CLANG_WARN_DIRECT_OBJC_ISA_USAGE = YES_ERROR;
				CLANG_WARN_DOCUMENTATION_COMMENTS = YES;
				CLANG_WARN_EMPTY_BODY = YES;
				CLANG_WARN_ENUM_CONVERSION = YES;
				CLANG_WARN_INFINITE_RECURSION = YES;
				CLANG_WARN_INT_CONVERSION = YES;
				CLANG_WARN_NON_LITERAL_NULL_CONVERSION = YES;
				CLANG_WARN_OBJC_IMPLICIT_RETAIN_SELF = YES;
				CLANG_WARN_OBJC_LITERAL_CONVERSION = YES;
				CLANG_WARN_OBJC_ROOT_CLASS = YES_ERROR;
				CLANG_WARN_QUOTED_INCLUDE_IN_FRAMEWORK_HEADER = YES;
				CLANG_WARN_RANGE_LOOP_ANALYSIS = YES;
				CLANG_WARN_STRICT_PROTOTYPES = YES;
				CLANG_WARN_SUSPICIOUS_MOVE = YES;
				CLANG_WARN_UNGUARDED_AVAILABILITY = YES_AGGRESSIVE;
				CLANG_WARN_UNREACHABLE_CODE = YES;
				CLANG_WARN__DUPLICATE_METHOD_MATCH = YES;
				COPY_PHASE_STRIP = NO;
				DEBUG_INFORMATION_FORMAT = dwarf;
				ENABLE_STRICT_OBJC_MSGSEND = YES;
				ENABLE_TESTABILITY = YES;
				GCC_C_LANGUAGE_STANDARD = gnu11;
				GCC_DYNAMIC_NO_PIC = NO;
				GCC_NO_COMMON_BLOCKS = YES;
				GCC_OPTIMIZATION_LEVEL = 0;
				GCC_PREPROCESSOR_DEFINITIONS = (
					"DEBUG=1",
					"$(inherited)",
				);
				GCC_WARN_64_TO_32_BIT_CONVERSION = YES;
				GCC_WARN_ABOUT_RETURN_TYPE = YES_ERROR;
				GCC_WARN_UNDECLARED_SELECTOR = YES;
				GCC_WARN_UNINITIALIZED_AUTOS = YES_AGGRESSIVE;
				GCC_WARN_UNUSED_FUNCTION = YES;
				GCC_WARN_UNUSED_VARIABLE = YES;
				MACOSX_DEPLOYMENT_TARGET = 13.1;
				MTL_ENABLE_DEBUG_INFO = INCLUDE_SOURCE;
				MTL_FAST_MATH = YES;
				ONLY_ACTIVE_ARCH = YES;
				SDKROOT = macosx;
				SWIFT_ACTIVE_COMPILATION_CONDITIONS = DEBUG;
				SWIFT_OPTIMIZATION_LEVEL = "-Onone";
			};
			name = Debug;
		};
		21192B892A00469B00537E5D /* Release */ = {
			isa = XCBuildConfiguration;
			buildSettings = {
				ALWAYS_SEARCH_USER_PATHS = NO;
				CLANG_ANALYZER_NONNULL = YES;
				CLANG_ANALYZER_NUMBER_OBJECT_CONVERSION = YES_AGGRESSIVE;
				CLANG_CXX_LANGUAGE_STANDARD = "gnu++20";
				CLANG_ENABLE_MODULES = YES;
				CLANG_ENABLE_OBJC_ARC = YES;
				CLANG_ENABLE_OBJC_WEAK = YES;
				CLANG_WARN_BLOCK_CAPTURE_AUTORELEASING = YES;
				CLANG_WARN_BOOL_CONVERSION = YES;
				CLANG_WARN_COMMA = YES;
				CLANG_WARN_CONSTANT_CONVERSION = YES;
				CLANG_WARN_DEPRECATED_OBJC_IMPLEMENTATIONS = YES;
				CLANG_WARN_DIRECT_OBJC_ISA_USAGE = YES_ERROR;
				CLANG_WARN_DOCUMENTATION_COMMENTS = YES;
				CLANG_WARN_EMPTY_BODY = YES;
				CLANG_WARN_ENUM_CONVERSION = YES;
				CLANG_WARN_INFINITE_RECURSION = YES;
				CLANG_WARN_INT_CONVERSION = YES;
				CLANG_WARN_NON_LITERAL_NULL_CONVERSION = YES;
				CLANG_WARN_OBJC_IMPLICIT_RETAIN_SELF = YES;
				CLANG_WARN_OBJC_LITERAL_CONVERSION = YES;
				CLANG_WARN_OBJC_ROOT_CLASS = YES_ERROR;
				CLANG_WARN_QUOTED_INCLUDE_IN_FRAMEWORK_HEADER = YES;
				CLANG_WARN_RANGE_LOOP_ANALYSIS = YES;
				CLANG_WARN_STRICT_PROTOTYPES = YES;
				CLANG_WARN_SUSPICIOUS_MOVE = YES;
				CLANG_WARN_UNGUARDED_AVAILABILITY = YES_AGGRESSIVE;
				CLANG_WARN_UNREACHABLE_CODE = YES;
				CLANG_WARN__DUPLICATE_METHOD_MATCH = YES;
				COPY_PHASE_STRIP = NO;
				DEBUG_INFORMATION_FORMAT = "dwarf-with-dsym";
				ENABLE_NS_ASSERTIONS = NO;
				ENABLE_STRICT_OBJC_MSGSEND = YES;
				GCC_C_LANGUAGE_STANDARD = gnu11;
				GCC_NO_COMMON_BLOCKS = YES;
				GCC_WARN_64_TO_32_BIT_CONVERSION = YES;
				GCC_WARN_ABOUT_RETURN_TYPE = YES_ERROR;
				GCC_WARN_UNDECLARED_SELECTOR = YES;
				GCC_WARN_UNINITIALIZED_AUTOS = YES_AGGRESSIVE;
				GCC_WARN_UNUSED_FUNCTION = YES;
				GCC_WARN_UNUSED_VARIABLE = YES;
				MACOSX_DEPLOYMENT_TARGET = 13.1;
				MTL_ENABLE_DEBUG_INFO = NO;
				MTL_FAST_MATH = YES;
				SDKROOT = macosx;
				SWIFT_COMPILATION_MODE = wholemodule;
				SWIFT_OPTIMIZATION_LEVEL = "-O";
			};
			name = Release;
		};
		218FCDC92A1966B900B3D559 /* Debug */ = {
			isa = XCBuildConfiguration;
			buildSettings = {
				ASSETCATALOG_COMPILER_APPICON_NAME = AppIcon;
				ASSETCATALOG_COMPILER_GLOBAL_ACCENT_COLOR_NAME = AccentColor;
				CODE_SIGN_ENTITLEMENTS = src/AeroSpace.entitlements;
				"CODE_SIGN_IDENTITY[sdk=macosx*]" = "-";
				CODE_SIGN_STYLE = Automatic;
				COMBINE_HIDPI_IMAGES = YES;
				CURRENT_PROJECT_VERSION = 1;
				DEVELOPMENT_ASSET_PATHS = "\"src/Preview Content\"";
				ENABLE_PREVIEWS = YES;
				GENERATE_INFOPLIST_FILE = YES;
				INFOPLIST_KEY_CFBundleDisplayName = AeroSpace;
				INFOPLIST_KEY_LSUIElement = YES;
				INFOPLIST_KEY_NSHumanReadableCopyright = "";
				LD_RUNPATH_SEARCH_PATHS = (
					"$(inherited)",
					"@executable_path/../Frameworks",
				);
				MARKETING_VERSION = 0.0.1;
				PRODUCT_BUNDLE_IDENTIFIER = bobko.aerospace;
				PRODUCT_NAME = "$(TARGET_NAME)";
				SWIFT_EMIT_LOC_STRINGS = YES;
				SWIFT_OBJC_BRIDGING_HEADER = "src/Bridged-Header.h";
				SWIFT_VERSION = 5.0;
			};
			name = Debug;
		};
		218FCDCA2A1966B900B3D559 /* Release */ = {
			isa = XCBuildConfiguration;
			buildSettings = {
				ASSETCATALOG_COMPILER_APPICON_NAME = AppIcon;
				ASSETCATALOG_COMPILER_GLOBAL_ACCENT_COLOR_NAME = AccentColor;
				CODE_SIGN_ENTITLEMENTS = src/AeroSpace.entitlements;
				"CODE_SIGN_IDENTITY[sdk=macosx*]" = "-";
				CODE_SIGN_STYLE = Automatic;
				COMBINE_HIDPI_IMAGES = YES;
				CURRENT_PROJECT_VERSION = 1;
				DEVELOPMENT_ASSET_PATHS = "\"src/Preview Content\"";
				ENABLE_PREVIEWS = YES;
				GENERATE_INFOPLIST_FILE = YES;
				INFOPLIST_KEY_CFBundleDisplayName = AeroSpace;
				INFOPLIST_KEY_LSUIElement = YES;
				INFOPLIST_KEY_NSHumanReadableCopyright = "";
				LD_RUNPATH_SEARCH_PATHS = (
					"$(inherited)",
					"@executable_path/../Frameworks",
				);
				MARKETING_VERSION = 0.0.1;
				PRODUCT_BUNDLE_IDENTIFIER = bobko.aerospace;
				PRODUCT_NAME = "$(TARGET_NAME)";
				SWIFT_EMIT_LOC_STRINGS = YES;
				SWIFT_OBJC_BRIDGING_HEADER = "src/Bridged-Header.h";
				SWIFT_VERSION = 5.0;
			};
			name = Release;
		};
		218FCDCC2A1966B900B3D559 /* Debug */ = {
			isa = XCBuildConfiguration;
			buildSettings = {
				ALWAYS_EMBED_SWIFT_STANDARD_LIBRARIES = YES;
				BUNDLE_LOADER = "$(TEST_HOST)";
				CODE_SIGN_STYLE = Automatic;
				CURRENT_PROJECT_VERSION = 1;
				GENERATE_INFOPLIST_FILE = YES;
				MACOSX_DEPLOYMENT_TARGET = 13.1;
				MARKETING_VERSION = 1.0;
				PRODUCT_BUNDLE_IDENTIFIER = bobko.swiftTests;
				PRODUCT_NAME = "$(TARGET_NAME)";
				SWIFT_EMIT_LOC_STRINGS = NO;
				SWIFT_VERSION = 5.0;
				TEST_HOST = "$(BUILT_PRODUCTS_DIR)/AeroSpace.app/$(BUNDLE_EXECUTABLE_FOLDER_PATH)/AeroSpace";
			};
			name = Debug;
		};
		218FCDCD2A1966B900B3D559 /* Release */ = {
			isa = XCBuildConfiguration;
			buildSettings = {
				ALWAYS_EMBED_SWIFT_STANDARD_LIBRARIES = YES;
				BUNDLE_LOADER = "$(TEST_HOST)";
				CODE_SIGN_STYLE = Automatic;
				CURRENT_PROJECT_VERSION = 1;
				GENERATE_INFOPLIST_FILE = YES;
				MACOSX_DEPLOYMENT_TARGET = 13.1;
				MARKETING_VERSION = 1.0;
				PRODUCT_BUNDLE_IDENTIFIER = bobko.swiftTests;
				PRODUCT_NAME = "$(TARGET_NAME)";
				SWIFT_EMIT_LOC_STRINGS = NO;
				SWIFT_VERSION = 5.0;
				TEST_HOST = "$(BUILT_PRODUCTS_DIR)/AeroSpace.app/$(BUNDLE_EXECUTABLE_FOLDER_PATH)/AeroSpace";
			};
			name = Release;
		};
		218FCDCF2A1966B900B3D559 /* Debug */ = {
			isa = XCBuildConfiguration;
			buildSettings = {
				ALWAYS_EMBED_SWIFT_STANDARD_LIBRARIES = YES;
				CODE_SIGN_STYLE = Automatic;
				CURRENT_PROJECT_VERSION = 1;
				GENERATE_INFOPLIST_FILE = YES;
				MARKETING_VERSION = 1.0;
				PRODUCT_BUNDLE_IDENTIFIER = bobko.swiftUITests;
				PRODUCT_NAME = "$(TARGET_NAME)";
				SWIFT_EMIT_LOC_STRINGS = NO;
				SWIFT_VERSION = 5.0;
				TEST_TARGET_NAME = "macos-window-manager-swift";
			};
			name = Debug;
		};
		218FCDD02A1966B900B3D559 /* Release */ = {
			isa = XCBuildConfiguration;
			buildSettings = {
				ALWAYS_EMBED_SWIFT_STANDARD_LIBRARIES = YES;
				CODE_SIGN_STYLE = Automatic;
				CURRENT_PROJECT_VERSION = 1;
				GENERATE_INFOPLIST_FILE = YES;
				MARKETING_VERSION = 1.0;
				PRODUCT_BUNDLE_IDENTIFIER = bobko.swiftUITests;
				PRODUCT_NAME = "$(TARGET_NAME)";
				SWIFT_EMIT_LOC_STRINGS = NO;
				SWIFT_VERSION = 5.0;
				TEST_TARGET_NAME = "macos-window-manager-swift";
			};
			name = Release;
		};
/* End XCBuildConfiguration section */

/* Begin XCConfigurationList section */
		21192B7E2A00469B00537E5D /* Build configuration list for PBXProject "AeroSpace" */ = {
			isa = XCConfigurationList;
			buildConfigurations = (
				21192B882A00469B00537E5D /* Debug */,
				21192B892A00469B00537E5D /* Release */,
			);
			defaultConfigurationIsVisible = 0;
			defaultConfigurationName = Release;
		};
		218FCDC82A1966B900B3D559 /* Build configuration list for PBXNativeTarget "AeroSpace" */ = {
			isa = XCConfigurationList;
			buildConfigurations = (
				218FCDC92A1966B900B3D559 /* Debug */,
				218FCDCA2A1966B900B3D559 /* Release */,
			);
			defaultConfigurationIsVisible = 0;
			defaultConfigurationName = Release;
		};
		218FCDCB2A1966B900B3D559 /* Build configuration list for PBXNativeTarget "AeroSpaceTests" */ = {
			isa = XCConfigurationList;
			buildConfigurations = (
				218FCDCC2A1966B900B3D559 /* Debug */,
				218FCDCD2A1966B900B3D559 /* Release */,
			);
			defaultConfigurationIsVisible = 0;
			defaultConfigurationName = Release;
		};
		218FCDCE2A1966B900B3D559 /* Build configuration list for PBXNativeTarget "AeroSpaceUITests" */ = {
			isa = XCConfigurationList;
			buildConfigurations = (
				218FCDCF2A1966B900B3D559 /* Debug */,
				218FCDD02A1966B900B3D559 /* Release */,
			);
			defaultConfigurationIsVisible = 0;
			defaultConfigurationName = Release;
		};
/* End XCConfigurationList section */

/* Begin XCRemoteSwiftPackageReference section */
		218FCD312A19304900B3D559 /* XCRemoteSwiftPackageReference "HotKey" */ = {
			isa = XCRemoteSwiftPackageReference;
			repositoryURL = "https://github.com/soffes/HotKey";
			requirement = {
				kind = exactVersion;
				version = 0.1.3;
			};
		};
/* End XCRemoteSwiftPackageReference section */

/* Begin XCSwiftPackageProductDependency section */
		218FCDD92A19682800B3D559 /* HotKey */ = {
			isa = XCSwiftPackageProductDependency;
			package = 218FCD312A19304900B3D559 /* XCRemoteSwiftPackageReference "HotKey" */;
			productName = HotKey;
		};
/* End XCSwiftPackageProductDependency section */
	};
	rootObject = 21192B7B2A00469B00537E5D /* Project object */;
}
